// !$*UTF8*$!
{
	archiveVersion = 1;
	classes = {
	};
	objectVersion = 45;
	objects = {

/* Begin PBXBuildFile section */
		1D3623260D0F684500981E51 /* DTConnectionKitAppDelegate.m in Sources */ = {isa = PBXBuildFile; fileRef = 1D3623250D0F684500981E51 /* DTConnectionKitAppDelegate.m */; };
		1D60589B0D05DD56006BFB54 /* main.m in Sources */ = {isa = PBXBuildFile; fileRef = 29B97316FDCFA39411CA2CEA /* main.m */; };
		1D60589F0D05DD5A006BFB54 /* Foundation.framework in Frameworks */ = {isa = PBXBuildFile; fileRef = 1D30AB110D05D00D00671497 /* Foundation.framework */; };
		1DF5F4E00D08C38300B7A737 /* UIKit.framework in Frameworks */ = {isa = PBXBuildFile; fileRef = 1DF5F4DF0D08C38300B7A737 /* UIKit.framework */; };
		24306A9B114E894B008BBE38 /* MainWindow-iPad.xib in Resources */ = {isa = PBXBuildFile; fileRef = 24306A9A114E894B008BBE38 /* MainWindow-iPad.xib */; };
		2456D8E1110B6F54009A4F1E /* CoreData.framework in Frameworks */ = {isa = PBXBuildFile; fileRef = 2456D8E0110B6F54009A4F1E /* CoreData.framework */; };
		2462681D112C8E860046D38E /* DTURLConnection.m in Sources */ = {isa = PBXBuildFile; fileRef = 24083D4210CF9A07009B758E /* DTURLConnection.m */; };
		24A4807211C03BF800F75C55 /* DTConnectionQueue.m in Sources */ = {isa = PBXBuildFile; fileRef = 24A4807111C03BF800F75C55 /* DTConnectionQueue.m */; };
		24A4808711C03CD500F75C55 /* DTConnectionController.m in Sources */ = {isa = PBXBuildFile; fileRef = 24A4808611C03CD500F75C55 /* DTConnectionController.m */; };
		24BD77ED11DCD1090094DB11 /* DTConnectionTests.m in Sources */ = {isa = PBXBuildFile; fileRef = 24BD77EC11DCD1090094DB11 /* DTConnectionTests.m */; };
		24BD781311DCD3460094DB11 /* DTConnectionController.m in Sources */ = {isa = PBXBuildFile; fileRef = 24A4808611C03CD500F75C55 /* DTConnectionController.m */; };
		24BD781411DCD3480094DB11 /* DTConnectionQueue.m in Sources */ = {isa = PBXBuildFile; fileRef = 24A4807111C03BF800F75C55 /* DTConnectionQueue.m */; };
		24BD781511DCD34D0094DB11 /* DTURLConnection.m in Sources */ = {isa = PBXBuildFile; fileRef = 24083D4210CF9A07009B758E /* DTURLConnection.m */; };
		24BD781E11DCD37B0094DB11 /* UIKit.framework in Frameworks */ = {isa = PBXBuildFile; fileRef = 1DF5F4DF0D08C38300B7A737 /* UIKit.framework */; };
		24BD782311DCD3870094DB11 /* Foundation.framework in Frameworks */ = {isa = PBXBuildFile; fileRef = 1D30AB110D05D00D00671497 /* Foundation.framework */; };
		24BD783511DCD3C30094DB11 /* DTConnectionQueueTests.m in Sources */ = {isa = PBXBuildFile; fileRef = 24BD783411DCD3C30094DB11 /* DTConnectionQueueTests.m */; };
		24BD786211DCD9B30094DB11 /* DTConnectionQueue+DTSingleton.m in Sources */ = {isa = PBXBuildFile; fileRef = 24BD786111DCD9B30094DB11 /* DTConnectionQueue+DTSingleton.m */; };
		24BD78CC11DCE1630094DB11 /* DTMockConnection.m in Sources */ = {isa = PBXBuildFile; fileRef = 24BD78CB11DCE1630094DB11 /* DTMockConnection.m */; };
		24BD78D511DCE24C0094DB11 /* DTConnectionQueue+DTInternalAccess.m in Sources */ = {isa = PBXBuildFile; fileRef = 24BD78D411DCE24C0094DB11 /* DTConnectionQueue+DTInternalAccess.m */; };
		24E0F62410D6490C00F03AD8 /* DTConnectionKitExampleViewController.m in Sources */ = {isa = PBXBuildFile; fileRef = 24E0F62210D6490C00F03AD8 /* DTConnectionKitExampleViewController.m */; };
		24E0F62510D6490C00F03AD8 /* DTConnectionKitExampleView.xib in Resources */ = {isa = PBXBuildFile; fileRef = 24E0F62310D6490C00F03AD8 /* DTConnectionKitExampleView.xib */; };
		24E4660211F8358E0064FCA1 /* DTCacheURLProtocol.m in Sources */ = {isa = PBXBuildFile; fileRef = 24E465E311F8358E0064FCA1 /* DTCacheURLProtocol.m */; };
		24E4660311F8358E0064FCA1 /* DTFileCache.m in Sources */ = {isa = PBXBuildFile; fileRef = 24E465E511F8358E0064FCA1 /* DTFileCache.m */; };
		24E4660411F8358E0064FCA1 /* NSBundle+DTInfoPlist.m in Sources */ = {isa = PBXBuildFile; fileRef = 24E465E811F8358E0064FCA1 /* NSBundle+DTInfoPlist.m */; };
		24E4660511F8358E0064FCA1 /* NSData+Base64.m in Sources */ = {isa = PBXBuildFile; fileRef = 24E465EA11F8358E0064FCA1 /* NSData+Base64.m */; };
		24E4660611F8358E0064FCA1 /* NSDictionary+DTLocateObjectForKey.m in Sources */ = {isa = PBXBuildFile; fileRef = 24E465EC11F8358E0064FCA1 /* NSDictionary+DTLocateObjectForKey.m */; };
		24E4660711F8358E0064FCA1 /* NSString+DTURLEncoding.m in Sources */ = {isa = PBXBuildFile; fileRef = 24E465EE11F8358E0064FCA1 /* NSString+DTURLEncoding.m */; };
		24E4660811F8358E0064FCA1 /* DTCoreDataConnectionController.m in Sources */ = {isa = PBXBuildFile; fileRef = 24E465F111F8358E0064FCA1 /* DTCoreDataConnectionController.m */; };
		24E4660911F8358E0064FCA1 /* DTRequestConnectionController.m in Sources */ = {isa = PBXBuildFile; fileRef = 24E465F311F8358E0064FCA1 /* DTRequestConnectionController.m */; };
		24E4660A11F8358E0064FCA1 /* DTURLLoadingConnectionController.m in Sources */ = {isa = PBXBuildFile; fileRef = 24E465F511F8358E0064FCA1 /* DTURLLoadingConnectionController.m */; };
		24E4660B11F8358E0064FCA1 /* DTOAuthAccessTokenConnectionController.m in Sources */ = {isa = PBXBuildFile; fileRef = 24E465F811F8358E0064FCA1 /* DTOAuthAccessTokenConnectionController.m */; };
		24E4660D11F8358E0064FCA1 /* DTOAuthConnectionController.m in Sources */ = {isa = PBXBuildFile; fileRef = 24E465FB11F8358E0064FCA1 /* DTOAuthConnectionController.m */; };
		24E4660E11F8358E0064FCA1 /* DTOAuthController.m in Sources */ = {isa = PBXBuildFile; fileRef = 24E465FD11F8358E0064FCA1 /* DTOAuthController.m */; };
		24E4660F11F8358E0064FCA1 /* DTOAuthRequestTokenConnectionController.m in Sources */ = {isa = PBXBuildFile; fileRef = 24E465FF11F8358E0064FCA1 /* DTOAuthRequestTokenConnectionController.m */; };
		24E4661011F8358E0064FCA1 /* DTOAuthSignature.m in Sources */ = {isa = PBXBuildFile; fileRef = 24E4660111F8358E0064FCA1 /* DTOAuthSignature.m */; };
		288765FD0DF74451002DB57D /* CoreGraphics.framework in Frameworks */ = {isa = PBXBuildFile; fileRef = 288765FC0DF74451002DB57D /* CoreGraphics.framework */; };
		28AD733F0D9D9553002E5188 /* MainWindow.xib in Resources */ = {isa = PBXBuildFile; fileRef = 28AD733E0D9D9553002E5188 /* MainWindow.xib */; };
/* End PBXBuildFile section */

/* Begin PBXFileReference section */
		1D30AB110D05D00D00671497 /* Foundation.framework */ = {isa = PBXFileReference; lastKnownFileType = wrapper.framework; name = Foundation.framework; path = System/Library/Frameworks/Foundation.framework; sourceTree = SDKROOT; };
		1D3623240D0F684500981E51 /* DTConnectionKitAppDelegate.h */ = {isa = PBXFileReference; fileEncoding = 4; lastKnownFileType = sourcecode.c.h; path = DTConnectionKitAppDelegate.h; sourceTree = "<group>"; };
		1D3623250D0F684500981E51 /* DTConnectionKitAppDelegate.m */ = {isa = PBXFileReference; fileEncoding = 4; lastKnownFileType = sourcecode.c.objc; path = DTConnectionKitAppDelegate.m; sourceTree = "<group>"; };
		1D6058910D05DD3D006BFB54 /* DTConnectionKit.app */ = {isa = PBXFileReference; explicitFileType = wrapper.application; includeInIndex = 0; path = DTConnectionKit.app; sourceTree = BUILT_PRODUCTS_DIR; };
		1DF5F4DF0D08C38300B7A737 /* UIKit.framework */ = {isa = PBXFileReference; lastKnownFileType = wrapper.framework; name = UIKit.framework; path = System/Library/Frameworks/UIKit.framework; sourceTree = SDKROOT; };
		24083D4110CF9A07009B758E /* DTURLConnection.h */ = {isa = PBXFileReference; fileEncoding = 4; lastKnownFileType = sourcecode.c.h; path = DTURLConnection.h; sourceTree = "<group>"; };
		24083D4210CF9A07009B758E /* DTURLConnection.m */ = {isa = PBXFileReference; fileEncoding = 4; lastKnownFileType = sourcecode.c.objc; path = DTURLConnection.m; sourceTree = "<group>"; };
		24306A9A114E894B008BBE38 /* MainWindow-iPad.xib */ = {isa = PBXFileReference; lastKnownFileType = file.xib; name = "MainWindow-iPad.xib"; path = "Resources-iPad/MainWindow-iPad.xib"; sourceTree = "<group>"; };
		2456D8E0110B6F54009A4F1E /* CoreData.framework */ = {isa = PBXFileReference; lastKnownFileType = wrapper.framework; name = CoreData.framework; path = System/Library/Frameworks/CoreData.framework; sourceTree = SDKROOT; };
		24A4807011C03BF800F75C55 /* DTConnectionQueue.h */ = {isa = PBXFileReference; fileEncoding = 4; lastKnownFileType = sourcecode.c.h; path = DTConnectionQueue.h; sourceTree = "<group>"; };
		24A4807111C03BF800F75C55 /* DTConnectionQueue.m */ = {isa = PBXFileReference; fileEncoding = 4; lastKnownFileType = sourcecode.c.objc; path = DTConnectionQueue.m; sourceTree = "<group>"; };
		24A4808511C03CD500F75C55 /* DTConnectionController.h */ = {isa = PBXFileReference; fileEncoding = 4; lastKnownFileType = sourcecode.c.h; path = DTConnectionController.h; sourceTree = "<group>"; };
		24A4808611C03CD500F75C55 /* DTConnectionController.m */ = {isa = PBXFileReference; fileEncoding = 4; lastKnownFileType = sourcecode.c.objc; path = DTConnectionController.m; sourceTree = "<group>"; };
		24BD77D711DCCE340094DB11 /* Unit Tests.octest */ = {isa = PBXFileReference; explicitFileType = wrapper.cfbundle; includeInIndex = 0; path = "Unit Tests.octest"; sourceTree = BUILT_PRODUCTS_DIR; };
		24BD77D811DCCE340094DB11 /* Unit Tests-Info.plist */ = {isa = PBXFileReference; lastKnownFileType = text.plist.xml; path = "Unit Tests-Info.plist"; sourceTree = "<group>"; };
		24BD77EB11DCD1090094DB11 /* DTConnectionTests.h */ = {isa = PBXFileReference; fileEncoding = 4; lastKnownFileType = sourcecode.c.h; path = DTConnectionTests.h; sourceTree = "<group>"; };
		24BD77EC11DCD1090094DB11 /* DTConnectionTests.m */ = {isa = PBXFileReference; fileEncoding = 4; lastKnownFileType = sourcecode.c.objc; path = DTConnectionTests.m; sourceTree = "<group>"; };
		24BD783311DCD3C30094DB11 /* DTConnectionQueueTests.h */ = {isa = PBXFileReference; fileEncoding = 4; lastKnownFileType = sourcecode.c.h; path = DTConnectionQueueTests.h; sourceTree = "<group>"; };
		24BD783411DCD3C30094DB11 /* DTConnectionQueueTests.m */ = {isa = PBXFileReference; fileEncoding = 4; lastKnownFileType = sourcecode.c.objc; path = DTConnectionQueueTests.m; sourceTree = "<group>"; };
		24BD786011DCD9B30094DB11 /* DTConnectionQueue+DTSingleton.h */ = {isa = PBXFileReference; fileEncoding = 4; lastKnownFileType = sourcecode.c.h; path = "DTConnectionQueue+DTSingleton.h"; sourceTree = "<group>"; };
		24BD786111DCD9B30094DB11 /* DTConnectionQueue+DTSingleton.m */ = {isa = PBXFileReference; fileEncoding = 4; lastKnownFileType = sourcecode.c.objc; path = "DTConnectionQueue+DTSingleton.m"; sourceTree = "<group>"; };
		24BD78CA11DCE1630094DB11 /* DTMockConnection.h */ = {isa = PBXFileReference; fileEncoding = 4; lastKnownFileType = sourcecode.c.h; path = DTMockConnection.h; sourceTree = "<group>"; };
		24BD78CB11DCE1630094DB11 /* DTMockConnection.m */ = {isa = PBXFileReference; fileEncoding = 4; lastKnownFileType = sourcecode.c.objc; path = DTMockConnection.m; sourceTree = "<group>"; };
		24BD78D311DCE24C0094DB11 /* DTConnectionQueue+DTInternalAccess.h */ = {isa = PBXFileReference; fileEncoding = 4; lastKnownFileType = sourcecode.c.h; path = "DTConnectionQueue+DTInternalAccess.h"; sourceTree = "<group>"; };
		24BD78D411DCE24C0094DB11 /* DTConnectionQueue+DTInternalAccess.m */ = {isa = PBXFileReference; fileEncoding = 4; lastKnownFileType = sourcecode.c.objc; path = "DTConnectionQueue+DTInternalAccess.m"; sourceTree = "<group>"; };
		24E0F62110D6490C00F03AD8 /* DTConnectionKitExampleViewController.h */ = {isa = PBXFileReference; fileEncoding = 4; lastKnownFileType = sourcecode.c.h; path = DTConnectionKitExampleViewController.h; sourceTree = "<group>"; };
		24E0F62210D6490C00F03AD8 /* DTConnectionKitExampleViewController.m */ = {isa = PBXFileReference; fileEncoding = 4; lastKnownFileType = sourcecode.c.objc; path = DTConnectionKitExampleViewController.m; sourceTree = "<group>"; };
		24E0F62310D6490C00F03AD8 /* DTConnectionKitExampleView.xib */ = {isa = PBXFileReference; lastKnownFileType = file.xib; path = DTConnectionKitExampleView.xib; sourceTree = "<group>"; };
		24E465E211F8358E0064FCA1 /* DTCacheURLProtocol.h */ = {isa = PBXFileReference; fileEncoding = 4; lastKnownFileType = sourcecode.c.h; path = DTCacheURLProtocol.h; sourceTree = "<group>"; };
		24E465E311F8358E0064FCA1 /* DTCacheURLProtocol.m */ = {isa = PBXFileReference; fileEncoding = 4; lastKnownFileType = sourcecode.c.objc; path = DTCacheURLProtocol.m; sourceTree = "<group>"; };
		24E465E411F8358E0064FCA1 /* DTFileCache.h */ = {isa = PBXFileReference; fileEncoding = 4; lastKnownFileType = sourcecode.c.h; path = DTFileCache.h; sourceTree = "<group>"; };
		24E465E511F8358E0064FCA1 /* DTFileCache.m */ = {isa = PBXFileReference; fileEncoding = 4; lastKnownFileType = sourcecode.c.objc; path = DTFileCache.m; sourceTree = "<group>"; };
		24E465E711F8358E0064FCA1 /* NSBundle+DTInfoPlist.h */ = {isa = PBXFileReference; fileEncoding = 4; lastKnownFileType = sourcecode.c.h; path = "NSBundle+DTInfoPlist.h"; sourceTree = "<group>"; };
		24E465E811F8358E0064FCA1 /* NSBundle+DTInfoPlist.m */ = {isa = PBXFileReference; fileEncoding = 4; lastKnownFileType = sourcecode.c.objc; path = "NSBundle+DTInfoPlist.m"; sourceTree = "<group>"; };
		24E465E911F8358E0064FCA1 /* NSData+Base64.h */ = {isa = PBXFileReference; fileEncoding = 4; lastKnownFileType = sourcecode.c.h; path = "NSData+Base64.h"; sourceTree = "<group>"; };
		24E465EA11F8358E0064FCA1 /* NSData+Base64.m */ = {isa = PBXFileReference; fileEncoding = 4; lastKnownFileType = sourcecode.c.objc; path = "NSData+Base64.m"; sourceTree = "<group>"; };
		24E465EB11F8358E0064FCA1 /* NSDictionary+DTLocateObjectForKey.h */ = {isa = PBXFileReference; fileEncoding = 4; lastKnownFileType = sourcecode.c.h; path = "NSDictionary+DTLocateObjectForKey.h"; sourceTree = "<group>"; };
		24E465EC11F8358E0064FCA1 /* NSDictionary+DTLocateObjectForKey.m */ = {isa = PBXFileReference; fileEncoding = 4; lastKnownFileType = sourcecode.c.objc; path = "NSDictionary+DTLocateObjectForKey.m"; sourceTree = "<group>"; };
		24E465ED11F8358E0064FCA1 /* NSString+DTURLEncoding.h */ = {isa = PBXFileReference; fileEncoding = 4; lastKnownFileType = sourcecode.c.h; path = "NSString+DTURLEncoding.h"; sourceTree = "<group>"; };
		24E465EE11F8358E0064FCA1 /* NSString+DTURLEncoding.m */ = {isa = PBXFileReference; fileEncoding = 4; lastKnownFileType = sourcecode.c.objc; path = "NSString+DTURLEncoding.m"; sourceTree = "<group>"; };
		24E465F011F8358E0064FCA1 /* DTCoreDataConnectionController.h */ = {isa = PBXFileReference; fileEncoding = 4; lastKnownFileType = sourcecode.c.h; path = DTCoreDataConnectionController.h; sourceTree = "<group>"; };
		24E465F111F8358E0064FCA1 /* DTCoreDataConnectionController.m */ = {isa = PBXFileReference; fileEncoding = 4; lastKnownFileType = sourcecode.c.objc; path = DTCoreDataConnectionController.m; sourceTree = "<group>"; };
		24E465F211F8358E0064FCA1 /* DTRequestConnectionController.h */ = {isa = PBXFileReference; fileEncoding = 4; lastKnownFileType = sourcecode.c.h; path = DTRequestConnectionController.h; sourceTree = "<group>"; };
		24E465F311F8358E0064FCA1 /* DTRequestConnectionController.m */ = {isa = PBXFileReference; fileEncoding = 4; lastKnownFileType = sourcecode.c.objc; path = DTRequestConnectionController.m; sourceTree = "<group>"; };
		24E465F411F8358E0064FCA1 /* DTURLLoadingConnectionController.h */ = {isa = PBXFileReference; fileEncoding = 4; lastKnownFileType = sourcecode.c.h; path = DTURLLoadingConnectionController.h; sourceTree = "<group>"; };
		24E465F511F8358E0064FCA1 /* DTURLLoadingConnectionController.m */ = {isa = PBXFileReference; fileEncoding = 4; lastKnownFileType = sourcecode.c.objc; path = DTURLLoadingConnectionController.m; sourceTree = "<group>"; };
		24E465F711F8358E0064FCA1 /* DTOAuthAccessTokenConnectionController.h */ = {isa = PBXFileReference; fileEncoding = 4; lastKnownFileType = sourcecode.c.h; path = DTOAuthAccessTokenConnectionController.h; sourceTree = "<group>"; };
		24E465F811F8358E0064FCA1 /* DTOAuthAccessTokenConnectionController.m */ = {isa = PBXFileReference; fileEncoding = 4; lastKnownFileType = sourcecode.c.objc; path = DTOAuthAccessTokenConnectionController.m; sourceTree = "<group>"; };
		24E465FA11F8358E0064FCA1 /* DTOAuthConnectionController.h */ = {isa = PBXFileReference; fileEncoding = 4; lastKnownFileType = sourcecode.c.h; path = DTOAuthConnectionController.h; sourceTree = "<group>"; };
		24E465FB11F8358E0064FCA1 /* DTOAuthConnectionController.m */ = {isa = PBXFileReference; fileEncoding = 4; lastKnownFileType = sourcecode.c.objc; path = DTOAuthConnectionController.m; sourceTree = "<group>"; };
		24E465FC11F8358E0064FCA1 /* DTOAuthController.h */ = {isa = PBXFileReference; fileEncoding = 4; lastKnownFileType = sourcecode.c.h; path = DTOAuthController.h; sourceTree = "<group>"; };
		24E465FD11F8358E0064FCA1 /* DTOAuthController.m */ = {isa = PBXFileReference; fileEncoding = 4; lastKnownFileType = sourcecode.c.objc; path = DTOAuthController.m; sourceTree = "<group>"; };
		24E465FE11F8358E0064FCA1 /* DTOAuthRequestTokenConnectionController.h */ = {isa = PBXFileReference; fileEncoding = 4; lastKnownFileType = sourcecode.c.h; path = DTOAuthRequestTokenConnectionController.h; sourceTree = "<group>"; };
		24E465FF11F8358E0064FCA1 /* DTOAuthRequestTokenConnectionController.m */ = {isa = PBXFileReference; fileEncoding = 4; lastKnownFileType = sourcecode.c.objc; path = DTOAuthRequestTokenConnectionController.m; sourceTree = "<group>"; };
		24E4660011F8358E0064FCA1 /* DTOAuthSignature.h */ = {isa = PBXFileReference; fileEncoding = 4; lastKnownFileType = sourcecode.c.h; path = DTOAuthSignature.h; sourceTree = "<group>"; };
		24E4660111F8358E0064FCA1 /* DTOAuthSignature.m */ = {isa = PBXFileReference; fileEncoding = 4; lastKnownFileType = sourcecode.c.objc; path = DTOAuthSignature.m; sourceTree = "<group>"; };
		288765FC0DF74451002DB57D /* CoreGraphics.framework */ = {isa = PBXFileReference; lastKnownFileType = wrapper.framework; name = CoreGraphics.framework; path = System/Library/Frameworks/CoreGraphics.framework; sourceTree = SDKROOT; };
		28AD733E0D9D9553002E5188 /* MainWindow.xib */ = {isa = PBXFileReference; lastKnownFileType = file.xib; path = MainWindow.xib; sourceTree = "<group>"; };
		29B97316FDCFA39411CA2CEA /* main.m */ = {isa = PBXFileReference; fileEncoding = 4; lastKnownFileType = sourcecode.c.objc; path = main.m; sourceTree = "<group>"; };
		32CA4F630368D1EE00C91783 /* DTConnectionKit_Prefix.pch */ = {isa = PBXFileReference; fileEncoding = 4; lastKnownFileType = sourcecode.c.h; path = DTConnectionKit_Prefix.pch; sourceTree = "<group>"; };
		8D1107310486CEB800E47090 /* DTConnectionKit-Info.plist */ = {isa = PBXFileReference; fileEncoding = 4; lastKnownFileType = text.plist.xml; path = "DTConnectionKit-Info.plist"; plistStructureDefinitionIdentifier = "com.apple.xcode.plist.structure-definition.iphone.info-plist"; sourceTree = "<group>"; };
/* End PBXFileReference section */

/* Begin PBXFrameworksBuildPhase section */
		1D60588F0D05DD3D006BFB54 /* Frameworks */ = {
			isa = PBXFrameworksBuildPhase;
			buildActionMask = 2147483647;
			files = (
				1D60589F0D05DD5A006BFB54 /* Foundation.framework in Frameworks */,
				1DF5F4E00D08C38300B7A737 /* UIKit.framework in Frameworks */,
				288765FD0DF74451002DB57D /* CoreGraphics.framework in Frameworks */,
				2456D8E1110B6F54009A4F1E /* CoreData.framework in Frameworks */,
			);
			runOnlyForDeploymentPostprocessing = 0;
		};
		24BD77D411DCCE340094DB11 /* Frameworks */ = {
			isa = PBXFrameworksBuildPhase;
			buildActionMask = 2147483647;
			files = (
				24BD782311DCD3870094DB11 /* Foundation.framework in Frameworks */,
				24BD781E11DCD37B0094DB11 /* UIKit.framework in Frameworks */,
			);
			runOnlyForDeploymentPostprocessing = 0;
		};
/* End PBXFrameworksBuildPhase section */

/* Begin PBXGroup section */
		080E96DDFE201D6D7F000001 /* Classes */ = {
			isa = PBXGroup;
			children = (
				1D3623240D0F684500981E51 /* DTConnectionKitAppDelegate.h */,
				1D3623250D0F684500981E51 /* DTConnectionKitAppDelegate.m */,
			);
			path = Classes;
			sourceTree = "<group>";
		};
		19C28FACFE9D520D11CA2CBB /* Products */ = {
			isa = PBXGroup;
			children = (
				1D6058910D05DD3D006BFB54 /* DTConnectionKit.app */,
				24BD77D711DCCE340094DB11 /* Unit Tests.octest */,
			);
			name = Products;
			sourceTree = "<group>";
		};
		24083D3A10CF9A07009B758E /* DTConnectionKit */ = {
			isa = PBXGroup;
			children = (
				24A4807011C03BF800F75C55 /* DTConnectionQueue.h */,
				24A4807111C03BF800F75C55 /* DTConnectionQueue.m */,
				24BD786011DCD9B30094DB11 /* DTConnectionQueue+DTSingleton.h */,
				24BD786111DCD9B30094DB11 /* DTConnectionQueue+DTSingleton.m */,
				24A4808511C03CD500F75C55 /* DTConnectionController.h */,
				24A4808611C03CD500F75C55 /* DTConnectionController.m */,
				24083D4110CF9A07009B758E /* DTURLConnection.h */,
				24083D4210CF9A07009B758E /* DTURLConnection.m */,
				24E465E111F8358E0064FCA1 /* Caching */,
				24E465E611F8358E0064FCA1 /* Categories */,
				24E465EF11F8358E0064FCA1 /* Connection Controllers */,
				24E465F611F8358E0064FCA1 /* OAuth */,
			);
			path = DTConnectionKit;
			sourceTree = "<group>";
		};
		24306A99114E894A008BBE38 /* Resources-iPad */ = {
			isa = PBXGroup;
			children = (
				24306A9A114E894B008BBE38 /* MainWindow-iPad.xib */,
			);
			name = "Resources-iPad";
			sourceTree = "<group>";
		};
		24BD77E811DCD0BE0094DB11 /* Unit Tests */ = {
			isa = PBXGroup;
			children = (
				24BD77EB11DCD1090094DB11 /* DTConnectionTests.h */,
				24BD77EC11DCD1090094DB11 /* DTConnectionTests.m */,
				24BD783311DCD3C30094DB11 /* DTConnectionQueueTests.h */,
				24BD783411DCD3C30094DB11 /* DTConnectionQueueTests.m */,
				24BD78CA11DCE1630094DB11 /* DTMockConnection.h */,
				24BD78CB11DCE1630094DB11 /* DTMockConnection.m */,
				24BD78D311DCE24C0094DB11 /* DTConnectionQueue+DTInternalAccess.h */,
				24BD78D411DCE24C0094DB11 /* DTConnectionQueue+DTInternalAccess.m */,
			);
			path = "Unit Tests";
			sourceTree = "<group>";
		};
		24E0F61E10D648F400F03AD8 /* DTConnectionKitExample */ = {
			isa = PBXGroup;
			children = (
				24E0F62110D6490C00F03AD8 /* DTConnectionKitExampleViewController.h */,
				24E0F62210D6490C00F03AD8 /* DTConnectionKitExampleViewController.m */,
				24E0F62310D6490C00F03AD8 /* DTConnectionKitExampleView.xib */,
			);
			path = DTConnectionKitExample;
			sourceTree = "<group>";
		};
		24E465E111F8358E0064FCA1 /* Caching */ = {
			isa = PBXGroup;
			children = (
				24E465E211F8358E0064FCA1 /* DTCacheURLProtocol.h */,
				24E465E311F8358E0064FCA1 /* DTCacheURLProtocol.m */,
				24E465E411F8358E0064FCA1 /* DTFileCache.h */,
				24E465E511F8358E0064FCA1 /* DTFileCache.m */,
			);
			path = Caching;
			sourceTree = "<group>";
		};
		24E465E611F8358E0064FCA1 /* Categories */ = {
			isa = PBXGroup;
			children = (
				24E465E711F8358E0064FCA1 /* NSBundle+DTInfoPlist.h */,
				24E465E811F8358E0064FCA1 /* NSBundle+DTInfoPlist.m */,
				24E465E911F8358E0064FCA1 /* NSData+Base64.h */,
				24E465EA11F8358E0064FCA1 /* NSData+Base64.m */,
				24E465EB11F8358E0064FCA1 /* NSDictionary+DTLocateObjectForKey.h */,
				24E465EC11F8358E0064FCA1 /* NSDictionary+DTLocateObjectForKey.m */,
				24E465ED11F8358E0064FCA1 /* NSString+DTURLEncoding.h */,
				24E465EE11F8358E0064FCA1 /* NSString+DTURLEncoding.m */,
			);
			path = Categories;
			sourceTree = "<group>";
		};
		24E465EF11F8358E0064FCA1 /* Connection Controllers */ = {
			isa = PBXGroup;
			children = (
				24E465F011F8358E0064FCA1 /* DTCoreDataConnectionController.h */,
				24E465F111F8358E0064FCA1 /* DTCoreDataConnectionController.m */,
				24E465F211F8358E0064FCA1 /* DTRequestConnectionController.h */,
				24E465F311F8358E0064FCA1 /* DTRequestConnectionController.m */,
				24E465F411F8358E0064FCA1 /* DTURLLoadingConnectionController.h */,
				24E465F511F8358E0064FCA1 /* DTURLLoadingConnectionController.m */,
			);
			path = "Connection Controllers";
			sourceTree = "<group>";
		};
		24E465F611F8358E0064FCA1 /* OAuth */ = {
			isa = PBXGroup;
			children = (
				24E465F711F8358E0064FCA1 /* DTOAuthAccessTokenConnectionController.h */,
				24E465F811F8358E0064FCA1 /* DTOAuthAccessTokenConnectionController.m */,
				24E465FA11F8358E0064FCA1 /* DTOAuthConnectionController.h */,
				24E465FB11F8358E0064FCA1 /* DTOAuthConnectionController.m */,
				24E465FC11F8358E0064FCA1 /* DTOAuthController.h */,
				24E465FD11F8358E0064FCA1 /* DTOAuthController.m */,
				24E465FE11F8358E0064FCA1 /* DTOAuthRequestTokenConnectionController.h */,
				24E465FF11F8358E0064FCA1 /* DTOAuthRequestTokenConnectionController.m */,
				24E4660011F8358E0064FCA1 /* DTOAuthSignature.h */,
				24E4660111F8358E0064FCA1 /* DTOAuthSignature.m */,
			);
			path = OAuth;
			sourceTree = "<group>";
		};
		29B97314FDCFA39411CA2CEA /* CustomTemplate */ = {
			isa = PBXGroup;
			children = (
				24BD77E811DCD0BE0094DB11 /* Unit Tests */,
				24083D3A10CF9A07009B758E /* DTConnectionKit */,
				24E0F61E10D648F400F03AD8 /* DTConnectionKitExample */,
				080E96DDFE201D6D7F000001 /* Classes */,
				29B97315FDCFA39411CA2CEA /* Other Sources */,
				29B97317FDCFA39411CA2CEA /* Resources */,
				24306A99114E894A008BBE38 /* Resources-iPad */,
				29B97323FDCFA39411CA2CEA /* Frameworks */,
				19C28FACFE9D520D11CA2CBB /* Products */,
				24BD77D811DCCE340094DB11 /* Unit Tests-Info.plist */,
			);
			name = CustomTemplate;
			sourceTree = "<group>";
		};
		29B97315FDCFA39411CA2CEA /* Other Sources */ = {
			isa = PBXGroup;
			children = (
				32CA4F630368D1EE00C91783 /* DTConnectionKit_Prefix.pch */,
				29B97316FDCFA39411CA2CEA /* main.m */,
			);
			name = "Other Sources";
			sourceTree = "<group>";
		};
		29B97317FDCFA39411CA2CEA /* Resources */ = {
			isa = PBXGroup;
			children = (
				28AD733E0D9D9553002E5188 /* MainWindow.xib */,
				8D1107310486CEB800E47090 /* DTConnectionKit-Info.plist */,
			);
			name = Resources;
			sourceTree = "<group>";
		};
		29B97323FDCFA39411CA2CEA /* Frameworks */ = {
			isa = PBXGroup;
			children = (
				1DF5F4DF0D08C38300B7A737 /* UIKit.framework */,
				1D30AB110D05D00D00671497 /* Foundation.framework */,
				288765FC0DF74451002DB57D /* CoreGraphics.framework */,
				2456D8E0110B6F54009A4F1E /* CoreData.framework */,
			);
			name = Frameworks;
			sourceTree = "<group>";
		};
/* End PBXGroup section */

/* Begin PBXNativeTarget section */
		1D6058900D05DD3D006BFB54 /* DTConnectionKit */ = {
			isa = PBXNativeTarget;
			buildConfigurationList = 1D6058960D05DD3E006BFB54 /* Build configuration list for PBXNativeTarget "DTConnectionKit" */;
			buildPhases = (
				1D60588D0D05DD3D006BFB54 /* Resources */,
				1D60588E0D05DD3D006BFB54 /* Sources */,
				1D60588F0D05DD3D006BFB54 /* Frameworks */,
			);
			buildRules = (
			);
			dependencies = (
			);
			name = DTConnectionKit;
			productName = DTConnectionKit;
			productReference = 1D6058910D05DD3D006BFB54 /* DTConnectionKit.app */;
			productType = "com.apple.product-type.application";
		};
		24BD77D611DCCE340094DB11 /* Unit Tests */ = {
			isa = PBXNativeTarget;
			buildConfigurationList = 24BD77DB11DCCE340094DB11 /* Build configuration list for PBXNativeTarget "Unit Tests" */;
			buildPhases = (
				24BD77D211DCCE340094DB11 /* Resources */,
				24BD77D311DCCE340094DB11 /* Sources */,
				24BD77D411DCCE340094DB11 /* Frameworks */,
				24BD77D511DCCE340094DB11 /* ShellScript */,
			);
			buildRules = (
			);
			dependencies = (
			);
			name = "Unit Tests";
			productName = "Unit Tests";
			productReference = 24BD77D711DCCE340094DB11 /* Unit Tests.octest */;
			productType = "com.apple.product-type.bundle";
		};
/* End PBXNativeTarget section */

/* Begin PBXProject section */
		29B97313FDCFA39411CA2CEA /* Project object */ = {
			isa = PBXProject;
			buildConfigurationList = C01FCF4E08A954540054247B /* Build configuration list for PBXProject "DTConnectionKit" */;
			compatibilityVersion = "Xcode 3.1";
			hasScannedForEncodings = 1;
			knownRegions = (
				English,
				Japanese,
				French,
				German,
			);
			mainGroup = 29B97314FDCFA39411CA2CEA /* CustomTemplate */;
			projectDirPath = "";
			projectRoot = "";
			targets = (
				1D6058900D05DD3D006BFB54 /* DTConnectionKit */,
				24BD77D611DCCE340094DB11 /* Unit Tests */,
			);
		};
/* End PBXProject section */

/* Begin PBXResourcesBuildPhase section */
		1D60588D0D05DD3D006BFB54 /* Resources */ = {
			isa = PBXResourcesBuildPhase;
			buildActionMask = 2147483647;
			files = (
				28AD733F0D9D9553002E5188 /* MainWindow.xib in Resources */,
				24E0F62510D6490C00F03AD8 /* DTConnectionKitExampleView.xib in Resources */,
				24306A9B114E894B008BBE38 /* MainWindow-iPad.xib in Resources */,
			);
			runOnlyForDeploymentPostprocessing = 0;
		};
		24BD77D211DCCE340094DB11 /* Resources */ = {
			isa = PBXResourcesBuildPhase;
			buildActionMask = 2147483647;
			files = (
			);
			runOnlyForDeploymentPostprocessing = 0;
		};
/* End PBXResourcesBuildPhase section */

/* Begin PBXShellScriptBuildPhase section */
		24BD77D511DCCE340094DB11 /* ShellScript */ = {
			isa = PBXShellScriptBuildPhase;
			buildActionMask = 2147483647;
			files = (
			);
			inputPaths = (
			);
			outputPaths = (
			);
			runOnlyForDeploymentPostprocessing = 0;
			shellPath = /bin/sh;
			shellScript = "# Run the unit tests in this test bundle.\n\"${SYSTEM_DEVELOPER_DIR}/Tools/RunUnitTests\"\n";
		};
/* End PBXShellScriptBuildPhase section */

/* Begin PBXSourcesBuildPhase section */
		1D60588E0D05DD3D006BFB54 /* Sources */ = {
			isa = PBXSourcesBuildPhase;
			buildActionMask = 2147483647;
			files = (
				1D60589B0D05DD56006BFB54 /* main.m in Sources */,
				1D3623260D0F684500981E51 /* DTConnectionKitAppDelegate.m in Sources */,
				24E0F62410D6490C00F03AD8 /* DTConnectionKitExampleViewController.m in Sources */,
				2462681D112C8E860046D38E /* DTURLConnection.m in Sources */,
				24A4807211C03BF800F75C55 /* DTConnectionQueue.m in Sources */,
				24A4808711C03CD500F75C55 /* DTConnectionController.m in Sources */,
				24BD786211DCD9B30094DB11 /* DTConnectionQueue+DTSingleton.m in Sources */,
				24E4660211F8358E0064FCA1 /* DTCacheURLProtocol.m in Sources */,
				24E4660311F8358E0064FCA1 /* DTFileCache.m in Sources */,
				24E4660411F8358E0064FCA1 /* NSBundle+DTInfoPlist.m in Sources */,
				24E4660511F8358E0064FCA1 /* NSData+Base64.m in Sources */,
				24E4660611F8358E0064FCA1 /* NSDictionary+DTLocateObjectForKey.m in Sources */,
				24E4660711F8358E0064FCA1 /* NSString+DTURLEncoding.m in Sources */,
				24E4660811F8358E0064FCA1 /* DTCoreDataConnectionController.m in Sources */,
				24E4660911F8358E0064FCA1 /* DTRequestConnectionController.m in Sources */,
				24E4660A11F8358E0064FCA1 /* DTURLLoadingConnectionController.m in Sources */,
				24E4660B11F8358E0064FCA1 /* DTOAuthAccessTokenConnectionController.m in Sources */,
				24E4660D11F8358E0064FCA1 /* DTOAuthConnectionController.m in Sources */,
				24E4660E11F8358E0064FCA1 /* DTOAuthController.m in Sources */,
				24E4660F11F8358E0064FCA1 /* DTOAuthRequestTokenConnectionController.m in Sources */,
				24E4661011F8358E0064FCA1 /* DTOAuthSignature.m in Sources */,
			);
			runOnlyForDeploymentPostprocessing = 0;
		};
		24BD77D311DCCE340094DB11 /* Sources */ = {
			isa = PBXSourcesBuildPhase;
			buildActionMask = 2147483647;
			files = (
				24BD77ED11DCD1090094DB11 /* DTConnectionTests.m in Sources */,
				24BD781311DCD3460094DB11 /* DTConnectionController.m in Sources */,
				24BD781411DCD3480094DB11 /* DTConnectionQueue.m in Sources */,
				24BD781511DCD34D0094DB11 /* DTURLConnection.m in Sources */,
				24BD783511DCD3C30094DB11 /* DTConnectionQueueTests.m in Sources */,
				24BD78CC11DCE1630094DB11 /* DTMockConnection.m in Sources */,
				24BD78D511DCE24C0094DB11 /* DTConnectionQueue+DTInternalAccess.m in Sources */,
			);
			runOnlyForDeploymentPostprocessing = 0;
		};
/* End PBXSourcesBuildPhase section */

/* Begin XCBuildConfiguration section */
		1D6058940D05DD3E006BFB54 /* Debug */ = {
			isa = XCBuildConfiguration;
			buildSettings = {
				ALWAYS_SEARCH_USER_PATHS = NO;
				ARCHS = "$(ARCHS_UNIVERSAL_IPHONE_OS)";
				COPY_PHASE_STRIP = NO;
				GCC_DYNAMIC_NO_PIC = NO;
				GCC_OPTIMIZATION_LEVEL = 0;
				GCC_PRECOMPILE_PREFIX_HEADER = YES;
				GCC_PREFIX_HEADER = DTConnectionKit_Prefix.pch;
				INFOPLIST_FILE = "DTConnectionKit-Info.plist";
				PRODUCT_NAME = DTConnectionKit;
				SDKROOT = iphonesimulator4.0;
				TARGETED_DEVICE_FAMILY = "1,2";
			};
			name = Debug;
		};
		1D6058950D05DD3E006BFB54 /* Release */ = {
			isa = XCBuildConfiguration;
			buildSettings = {
				ALWAYS_SEARCH_USER_PATHS = NO;
				ARCHS = "$(ARCHS_UNIVERSAL_IPHONE_OS)";
				COPY_PHASE_STRIP = YES;
				GCC_PRECOMPILE_PREFIX_HEADER = YES;
				GCC_PREFIX_HEADER = DTConnectionKit_Prefix.pch;
				GCC_VERSION = com.apple.compilers.llvm.clang.1_0;
				INFOPLIST_FILE = "DTConnectionKit-Info.plist";
				PRODUCT_NAME = DTConnectionKit;
				SDKROOT = iphoneos4.0;
				TARGETED_DEVICE_FAMILY = "1,2";
			};
			name = Release;
		};
		24BD77D911DCCE340094DB11 /* Debug */ = {
			isa = XCBuildConfiguration;
			buildSettings = {
				ALWAYS_SEARCH_USER_PATHS = NO;
				"CODE_SIGN_IDENTITY[sdk=iphoneos*]" = "";
				COPY_PHASE_STRIP = NO;
				FRAMEWORK_SEARCH_PATHS = (
					"\"$(SDKROOT)/Developer/Library/Frameworks\"",
					"\"$(DEVELOPER_LIBRARY_DIR)/Frameworks\"",
				);
				GCC_DYNAMIC_NO_PIC = NO;
				GCC_ENABLE_FIX_AND_CONTINUE = NO;
				GCC_ENABLE_OBJC_EXCEPTIONS = YES;
				GCC_OPTIMIZATION_LEVEL = 0;
				INFOPLIST_FILE = "Unit Tests-Info.plist";
				ONLY_ACTIVE_ARCH = NO;
				OTHER_LDFLAGS = (
					"-framework",
					Foundation,
					"-framework",
					SenTestingKit,
					"-framework",
					UIKit,
				);
				PREBINDING = NO;
				PRODUCT_NAME = "Unit Tests";
				WRAPPER_EXTENSION = octest;
			};
			name = Debug;
		};
		24BD77DA11DCCE340094DB11 /* Release */ = {
			isa = XCBuildConfiguration;
			buildSettings = {
				ALWAYS_SEARCH_USER_PATHS = NO;
				"CODE_SIGN_IDENTITY[sdk=iphoneos*]" = "";
				COPY_PHASE_STRIP = YES;
				DEBUG_INFORMATION_FORMAT = "dwarf-with-dsym";
				FRAMEWORK_SEARCH_PATHS = (
					"\"$(SDKROOT)/Developer/Library/Frameworks\"",
					"\"$(DEVELOPER_LIBRARY_DIR)/Frameworks\"",
				);
				GCC_ENABLE_FIX_AND_CONTINUE = NO;
				GCC_ENABLE_OBJC_EXCEPTIONS = YES;
				INFOPLIST_FILE = "Unit Tests-Info.plist";
				ONLY_ACTIVE_ARCH = NO;
				OTHER_LDFLAGS = (
					"-framework",
					Foundation,
					"-framework",
					SenTestingKit,
					"-framework",
					UIKit,
				);
				PREBINDING = NO;
				PRODUCT_NAME = "Unit Tests";
				WRAPPER_EXTENSION = octest;
				ZERO_LINK = NO;
			};
			name = Release;
		};
		C01FCF4F08A954540054247B /* Debug */ = {
			isa = XCBuildConfiguration;
			buildSettings = {
				ARCHS = "$(ARCHS_STANDARD_32_BIT)";
				"CODE_SIGN_IDENTITY[sdk=iphoneos*]" = "iPhone Developer";
				GCC_C_LANGUAGE_STANDARD = c99;
				GCC_VERSION = com.apple.compilers.llvm.clang.1_0;
				GCC_WARN_ABOUT_RETURN_TYPE = YES;
				GCC_WARN_UNUSED_VARIABLE = YES;
				IPHONEOS_DEPLOYMENT_TARGET = 3.0;
				PREBINDING = NO;
				SDKROOT = iphonesimulator4.0;
			};
			name = Debug;
		};
		C01FCF5008A954540054247B /* Release */ = {
			isa = XCBuildConfiguration;
			buildSettings = {
				ARCHS = "$(ARCHS_STANDARD_32_BIT)";
				"CODE_SIGN_IDENTITY[sdk=iphoneos*]" = "iPhone Developer";
				GCC_C_LANGUAGE_STANDARD = c99;
				GCC_VERSION = com.apple.compilers.llvm.clang.1_0;
				GCC_WARN_ABOUT_RETURN_TYPE = YES;
				GCC_WARN_UNUSED_VARIABLE = YES;
				IPHONEOS_DEPLOYMENT_TARGET = 3.0;
				PREBINDING = NO;
				SDKROOT = iphoneos4.0;
			};
			name = Release;
		};
/* End XCBuildConfiguration section */

/* Begin XCConfigurationList section */
		1D6058960D05DD3E006BFB54 /* Build configuration list for PBXNativeTarget "DTConnectionKit" */ = {
			isa = XCConfigurationList;
			buildConfigurations = (
				1D6058940D05DD3E006BFB54 /* Debug */,
				1D6058950D05DD3E006BFB54 /* Release */,
			);
			defaultConfigurationIsVisible = 0;
			defaultConfigurationName = Release;
		};
		24BD77DB11DCCE340094DB11 /* Build configuration list for PBXNativeTarget "Unit Tests" */ = {
			isa = XCConfigurationList;
			buildConfigurations = (
				24BD77D911DCCE340094DB11 /* Debug */,
				24BD77DA11DCCE340094DB11 /* Release */,
			);
			defaultConfigurationIsVisible = 0;
			defaultConfigurationName = Release;
		};
		C01FCF4E08A954540054247B /* Build configuration list for PBXProject "DTConnectionKit" */ = {
			isa = XCConfigurationList;
			buildConfigurations = (
				C01FCF4F08A954540054247B /* Debug */,
				C01FCF5008A954540054247B /* Release */,
			);
			defaultConfigurationIsVisible = 0;
			defaultConfigurationName = Release;
		};
/* End XCConfigurationList section */
	};
	rootObject = 29B97313FDCFA39411CA2CEA /* Project object */;
}
