// !$*UTF8*$!
{
	archiveVersion = 1;
	classes = {
	};
	objectVersion = 46;
	objects = {

/* Begin PBXBuildFile section */
		240567941348C814004FF828 /* NSData+Base64.h in Headers */ = {isa = PBXBuildFile; fileRef = 2405677C1348C814004FF828 /* NSData+Base64.h */; };
		240567951348C814004FF828 /* NSData+Base64.m in Sources */ = {isa = PBXBuildFile; fileRef = 2405677D1348C814004FF828 /* NSData+Base64.m */; };
		240567961348C814004FF828 /* NSString+DCTURLEncoding.h in Headers */ = {isa = PBXBuildFile; fileRef = 2405677E1348C814004FF828 /* NSString+DCTURLEncoding.h */; };
		240567971348C814004FF828 /* NSString+DCTURLEncoding.m in Sources */ = {isa = PBXBuildFile; fileRef = 2405677F1348C814004FF828 /* NSString+DCTURLEncoding.m */; };
		240567981348C814004FF828 /* DCTRequestConnectionController.h in Headers */ = {isa = PBXBuildFile; fileRef = 240567811348C814004FF828 /* DCTRequestConnectionController.h */; };
		240567991348C814004FF828 /* DCTRequestConnectionController.m in Sources */ = {isa = PBXBuildFile; fileRef = 240567821348C814004FF828 /* DCTRequestConnectionController.m */; };
		2405679A1348C814004FF828 /* DCTURLConnectionController.h in Headers */ = {isa = PBXBuildFile; fileRef = 240567831348C814004FF828 /* DCTURLConnectionController.h */; };
		2405679B1348C814004FF828 /* DCTURLConnectionController.m in Sources */ = {isa = PBXBuildFile; fileRef = 240567841348C814004FF828 /* DCTURLConnectionController.m */; };
		2405679C1348C814004FF828 /* DCTConnectionController.h in Headers */ = {isa = PBXBuildFile; fileRef = 240567851348C814004FF828 /* DCTConnectionController.h */; };
		2405679D1348C814004FF828 /* DCTConnectionController.m in Sources */ = {isa = PBXBuildFile; fileRef = 240567861348C814004FF828 /* DCTConnectionController.m */; };
		2405679E1348C814004FF828 /* DCTConnectionController+Equality.h in Headers */ = {isa = PBXBuildFile; fileRef = 240567871348C814004FF828 /* DCTConnectionController+Equality.h */; };
		2405679F1348C814004FF828 /* DCTConnectionController+Equality.m in Sources */ = {isa = PBXBuildFile; fileRef = 240567881348C814004FF828 /* DCTConnectionController+Equality.m */; };
		240567A01348C814004FF828 /* DCTConnectionQueue.h in Headers */ = {isa = PBXBuildFile; fileRef = 240567891348C814004FF828 /* DCTConnectionQueue.h */; };
		240567A11348C814004FF828 /* DCTConnectionQueue.m in Sources */ = {isa = PBXBuildFile; fileRef = 2405678A1348C814004FF828 /* DCTConnectionQueue.m */; };
		240567A21348C814004FF828 /* DCTConnectionQueue+Singleton.h in Headers */ = {isa = PBXBuildFile; fileRef = 2405678B1348C814004FF828 /* DCTConnectionQueue+Singleton.h */; };
		240567A31348C814004FF828 /* DCTConnectionQueue+Singleton.m in Sources */ = {isa = PBXBuildFile; fileRef = 2405678C1348C814004FF828 /* DCTConnectionQueue+Singleton.m */; };
		240567A41348C814004FF828 /* DCTRESTController.h in Headers */ = {isa = PBXBuildFile; fileRef = 2405678D1348C814004FF828 /* DCTRESTController.h */; };
		240567A51348C814004FF828 /* DCTRESTController.m in Sources */ = {isa = PBXBuildFile; fileRef = 2405678E1348C814004FF828 /* DCTRESTController.m */; };
		240567A61348C814004FF828 /* DCTURLConnection.h in Headers */ = {isa = PBXBuildFile; fileRef = 2405678F1348C814004FF828 /* DCTURLConnection.h */; };
		240567A71348C814004FF828 /* DCTURLConnection.m in Sources */ = {isa = PBXBuildFile; fileRef = 240567901348C814004FF828 /* DCTURLConnection.m */; };
		240567A81348C814004FF828 /* DCTConnectionQueue+UIKitAdditions.h in Headers */ = {isa = PBXBuildFile; fileRef = 240567921348C814004FF828 /* DCTConnectionQueue+UIKitAdditions.h */; };
		240567A91348C814004FF828 /* DCTConnectionQueue+UIKitAdditions.m in Sources */ = {isa = PBXBuildFile; fileRef = 240567931348C814004FF828 /* DCTConnectionQueue+UIKitAdditions.m */; };
		2426CF221348C34700412223 /* Foundation.framework in Frameworks */ = {isa = PBXBuildFile; fileRef = 2426CF211348C34700412223 /* Foundation.framework */; };
		2426CF2D1348C34700412223 /* UIKit.framework in Frameworks */ = {isa = PBXBuildFile; fileRef = 2426CF2C1348C34700412223 /* UIKit.framework */; };
		2426CF2E1348C34700412223 /* Foundation.framework in Frameworks */ = {isa = PBXBuildFile; fileRef = 2426CF211348C34700412223 /* Foundation.framework */; };
		2426CF301348C34700412223 /* CoreGraphics.framework in Frameworks */ = {isa = PBXBuildFile; fileRef = 2426CF2F1348C34700412223 /* CoreGraphics.framework */; };
		2426CF331348C34700412223 /* libDCTConnectionController.a in Frameworks */ = {isa = PBXBuildFile; fileRef = 2426CF1E1348C34700412223 /* libDCTConnectionController.a */; };
		2426CF391348C34700412223 /* InfoPlist.strings in Resources */ = {isa = PBXBuildFile; fileRef = 2426CF371348C34700412223 /* InfoPlist.strings */; };
		2426CF3C1348C34700412223 /* DCTConnectionControllerTests.h in Resources */ = {isa = PBXBuildFile; fileRef = 2426CF3B1348C34700412223 /* DCTConnectionControllerTests.h */; };
		2426CF3E1348C34700412223 /* DCTConnectionControllerTests.m in Sources */ = {isa = PBXBuildFile; fileRef = 2426CF3D1348C34700412223 /* DCTConnectionControllerTests.m */; };
		24B1A9C5134D230D00450E28 /* UIKit.framework in Frameworks */ = {isa = PBXBuildFile; fileRef = 2426CF2C1348C34700412223 /* UIKit.framework */; };
		24B1A9C6134D230D00450E28 /* Foundation.framework in Frameworks */ = {isa = PBXBuildFile; fileRef = 2426CF211348C34700412223 /* Foundation.framework */; };
		24B1A9C7134D230D00450E28 /* CoreGraphics.framework in Frameworks */ = {isa = PBXBuildFile; fileRef = 2426CF2F1348C34700412223 /* CoreGraphics.framework */; };
		24B1A9CD134D230D00450E28 /* InfoPlist.strings in Resources */ = {isa = PBXBuildFile; fileRef = 24B1A9CB134D230D00450E28 /* InfoPlist.strings */; };
		24B1A9D0134D230D00450E28 /* main.m in Sources */ = {isa = PBXBuildFile; fileRef = 24B1A9CF134D230D00450E28 /* main.m */; };
		24B1A9D3134D230D00450E28 /* DCTConnectionControllerAppAppDelegate.m in Sources */ = {isa = PBXBuildFile; fileRef = 24B1A9D2134D230D00450E28 /* DCTConnectionControllerAppAppDelegate.m */; };
		24B1A9D6134D230D00450E28 /* MainWindow.xib in Resources */ = {isa = PBXBuildFile; fileRef = 24B1A9D4134D230D00450E28 /* MainWindow.xib */; };
		24B1A9DC134D245200450E28 /* libDCTConnectionController.a in Frameworks */ = {isa = PBXBuildFile; fileRef = 2426CF1E1348C34700412223 /* libDCTConnectionController.a */; };
		24B1A9DE134D245500450E28 /* libDCTFoundation.a in Frameworks */ = {isa = PBXBuildFile; fileRef = 24B1A9DD134D245500450E28 /* libDCTFoundation.a */; };
		24B1A9E2134D24A500450E28 /* DCTConnectionKitExampleView.xib in Resources */ = {isa = PBXBuildFile; fileRef = 24B1A9DF134D24A500450E28 /* DCTConnectionKitExampleView.xib */; };
		24B1A9E3134D24A500450E28 /* DCTConnectionKitExampleViewController.m in Sources */ = {isa = PBXBuildFile; fileRef = 24B1A9E1134D24A500450E28 /* DCTConnectionKitExampleViewController.m */; };
/* End PBXBuildFile section */

/* Begin PBXContainerItemProxy section */
		2426CF311348C34700412223 /* PBXContainerItemProxy */ = {
			isa = PBXContainerItemProxy;
			containerPortal = 2426CF151348C34700412223 /* Project object */;
			proxyType = 1;
			remoteGlobalIDString = 2426CF1D1348C34700412223;
			remoteInfo = DCTConnectionController;
		};
		24B1A9DA134D243F00450E28 /* PBXContainerItemProxy */ = {
			isa = PBXContainerItemProxy;
			containerPortal = 2426CF151348C34700412223 /* Project object */;
			proxyType = 1;
			remoteGlobalIDString = 2426CF1D1348C34700412223;
			remoteInfo = DCTConnectionController;
		};
/* End PBXContainerItemProxy section */

/* Begin PBXFileReference section */
		2405677C1348C814004FF828 /* NSData+Base64.h */ = {isa = PBXFileReference; fileEncoding = 4; lastKnownFileType = sourcecode.c.h; path = "NSData+Base64.h"; sourceTree = "<group>"; };
		2405677D1348C814004FF828 /* NSData+Base64.m */ = {isa = PBXFileReference; fileEncoding = 4; lastKnownFileType = sourcecode.c.objc; path = "NSData+Base64.m"; sourceTree = "<group>"; };
		2405677E1348C814004FF828 /* NSString+DCTURLEncoding.h */ = {isa = PBXFileReference; fileEncoding = 4; lastKnownFileType = sourcecode.c.h; path = "NSString+DCTURLEncoding.h"; sourceTree = "<group>"; };
		2405677F1348C814004FF828 /* NSString+DCTURLEncoding.m */ = {isa = PBXFileReference; fileEncoding = 4; lastKnownFileType = sourcecode.c.objc; path = "NSString+DCTURLEncoding.m"; sourceTree = "<group>"; };
		240567811348C814004FF828 /* DCTRequestConnectionController.h */ = {isa = PBXFileReference; fileEncoding = 4; lastKnownFileType = sourcecode.c.h; path = DCTRequestConnectionController.h; sourceTree = "<group>"; };
		240567821348C814004FF828 /* DCTRequestConnectionController.m */ = {isa = PBXFileReference; fileEncoding = 4; lastKnownFileType = sourcecode.c.objc; path = DCTRequestConnectionController.m; sourceTree = "<group>"; };
		240567831348C814004FF828 /* DCTURLConnectionController.h */ = {isa = PBXFileReference; fileEncoding = 4; lastKnownFileType = sourcecode.c.h; path = DCTURLConnectionController.h; sourceTree = "<group>"; };
		240567841348C814004FF828 /* DCTURLConnectionController.m */ = {isa = PBXFileReference; fileEncoding = 4; lastKnownFileType = sourcecode.c.objc; path = DCTURLConnectionController.m; sourceTree = "<group>"; };
		240567851348C814004FF828 /* DCTConnectionController.h */ = {isa = PBXFileReference; fileEncoding = 4; lastKnownFileType = sourcecode.c.h; path = DCTConnectionController.h; sourceTree = "<group>"; };
		240567861348C814004FF828 /* DCTConnectionController.m */ = {isa = PBXFileReference; fileEncoding = 4; lastKnownFileType = sourcecode.c.objc; path = DCTConnectionController.m; sourceTree = "<group>"; };
		240567871348C814004FF828 /* DCTConnectionController+Equality.h */ = {isa = PBXFileReference; fileEncoding = 4; lastKnownFileType = sourcecode.c.h; path = "DCTConnectionController+Equality.h"; sourceTree = "<group>"; };
		240567881348C814004FF828 /* DCTConnectionController+Equality.m */ = {isa = PBXFileReference; fileEncoding = 4; lastKnownFileType = sourcecode.c.objc; path = "DCTConnectionController+Equality.m"; sourceTree = "<group>"; };
		240567891348C814004FF828 /* DCTConnectionQueue.h */ = {isa = PBXFileReference; fileEncoding = 4; lastKnownFileType = sourcecode.c.h; path = DCTConnectionQueue.h; sourceTree = "<group>"; };
		2405678A1348C814004FF828 /* DCTConnectionQueue.m */ = {isa = PBXFileReference; fileEncoding = 4; lastKnownFileType = sourcecode.c.objc; path = DCTConnectionQueue.m; sourceTree = "<group>"; };
		2405678B1348C814004FF828 /* DCTConnectionQueue+Singleton.h */ = {isa = PBXFileReference; fileEncoding = 4; lastKnownFileType = sourcecode.c.h; path = "DCTConnectionQueue+Singleton.h"; sourceTree = "<group>"; };
		2405678C1348C814004FF828 /* DCTConnectionQueue+Singleton.m */ = {isa = PBXFileReference; fileEncoding = 4; lastKnownFileType = sourcecode.c.objc; path = "DCTConnectionQueue+Singleton.m"; sourceTree = "<group>"; };
		2405678D1348C814004FF828 /* DCTRESTController.h */ = {isa = PBXFileReference; fileEncoding = 4; lastKnownFileType = sourcecode.c.h; path = DCTRESTController.h; sourceTree = "<group>"; };
		2405678E1348C814004FF828 /* DCTRESTController.m */ = {isa = PBXFileReference; fileEncoding = 4; lastKnownFileType = sourcecode.c.objc; path = DCTRESTController.m; sourceTree = "<group>"; };
		2405678F1348C814004FF828 /* DCTURLConnection.h */ = {isa = PBXFileReference; fileEncoding = 4; lastKnownFileType = sourcecode.c.h; path = DCTURLConnection.h; sourceTree = "<group>"; };
		240567901348C814004FF828 /* DCTURLConnection.m */ = {isa = PBXFileReference; fileEncoding = 4; lastKnownFileType = sourcecode.c.objc; path = DCTURLConnection.m; sourceTree = "<group>"; };
		240567921348C814004FF828 /* DCTConnectionQueue+UIKitAdditions.h */ = {isa = PBXFileReference; fileEncoding = 4; lastKnownFileType = sourcecode.c.h; path = "DCTConnectionQueue+UIKitAdditions.h"; sourceTree = "<group>"; };
		240567931348C814004FF828 /* DCTConnectionQueue+UIKitAdditions.m */ = {isa = PBXFileReference; fileEncoding = 4; lastKnownFileType = sourcecode.c.objc; path = "DCTConnectionQueue+UIKitAdditions.m"; sourceTree = "<group>"; };
		240567B71348C8DD004FF828 /* libDCTFoundation.a */ = {isa = PBXFileReference; explicitFileType = archive.ar; path = libDCTFoundation.a; sourceTree = SOURCE_ROOT; };
		2426CF1E1348C34700412223 /* libDCTConnectionController.a */ = {isa = PBXFileReference; explicitFileType = archive.ar; includeInIndex = 0; path = libDCTConnectionController.a; sourceTree = BUILT_PRODUCTS_DIR; };
		2426CF211348C34700412223 /* Foundation.framework */ = {isa = PBXFileReference; lastKnownFileType = wrapper.framework; name = Foundation.framework; path = System/Library/Frameworks/Foundation.framework; sourceTree = SDKROOT; };
		2426CF251348C34700412223 /* DCTConnectionController-Prefix.pch */ = {isa = PBXFileReference; lastKnownFileType = sourcecode.c.h; path = "DCTConnectionController-Prefix.pch"; sourceTree = "<group>"; };
		2426CF2B1348C34700412223 /* DCTConnectionControllerTests.octest */ = {isa = PBXFileReference; explicitFileType = wrapper.cfbundle; includeInIndex = 0; path = DCTConnectionControllerTests.octest; sourceTree = BUILT_PRODUCTS_DIR; };
		2426CF2C1348C34700412223 /* UIKit.framework */ = {isa = PBXFileReference; lastKnownFileType = wrapper.framework; name = UIKit.framework; path = System/Library/Frameworks/UIKit.framework; sourceTree = SDKROOT; };
		2426CF2F1348C34700412223 /* CoreGraphics.framework */ = {isa = PBXFileReference; lastKnownFileType = wrapper.framework; name = CoreGraphics.framework; path = System/Library/Frameworks/CoreGraphics.framework; sourceTree = SDKROOT; };
		2426CF361348C34700412223 /* DCTConnectionControllerTests-Info.plist */ = {isa = PBXFileReference; lastKnownFileType = text.plist.xml; path = "DCTConnectionControllerTests-Info.plist"; sourceTree = "<group>"; };
		2426CF381348C34700412223 /* en */ = {isa = PBXFileReference; lastKnownFileType = text.plist.strings; name = en; path = en.lproj/InfoPlist.strings; sourceTree = "<group>"; };
		2426CF3A1348C34700412223 /* DCTConnectionControllerTests-Prefix.pch */ = {isa = PBXFileReference; lastKnownFileType = sourcecode.c.h; path = "DCTConnectionControllerTests-Prefix.pch"; sourceTree = "<group>"; };
		2426CF3B1348C34700412223 /* DCTConnectionControllerTests.h */ = {isa = PBXFileReference; lastKnownFileType = sourcecode.c.h; path = DCTConnectionControllerTests.h; sourceTree = "<group>"; };
		2426CF3D1348C34700412223 /* DCTConnectionControllerTests.m */ = {isa = PBXFileReference; lastKnownFileType = sourcecode.c.objc; path = DCTConnectionControllerTests.m; sourceTree = "<group>"; };
		24B1A9C3134D230D00450E28 /* DCTConnectionControllerApp.app */ = {isa = PBXFileReference; explicitFileType = wrapper.application; includeInIndex = 0; path = DCTConnectionControllerApp.app; sourceTree = BUILT_PRODUCTS_DIR; };
		24B1A9CA134D230D00450E28 /* DCTConnectionControllerApp-Info.plist */ = {isa = PBXFileReference; lastKnownFileType = text.plist.xml; path = "DCTConnectionControllerApp-Info.plist"; sourceTree = "<group>"; };
		24B1A9CC134D230D00450E28 /* en */ = {isa = PBXFileReference; lastKnownFileType = text.plist.strings; name = en; path = en.lproj/InfoPlist.strings; sourceTree = "<group>"; };
		24B1A9CE134D230D00450E28 /* DCTConnectionControllerApp-Prefix.pch */ = {isa = PBXFileReference; lastKnownFileType = sourcecode.c.h; path = "DCTConnectionControllerApp-Prefix.pch"; sourceTree = "<group>"; };
		24B1A9CF134D230D00450E28 /* main.m */ = {isa = PBXFileReference; lastKnownFileType = sourcecode.c.objc; path = main.m; sourceTree = "<group>"; };
		24B1A9D1134D230D00450E28 /* DCTConnectionControllerAppAppDelegate.h */ = {isa = PBXFileReference; lastKnownFileType = sourcecode.c.h; path = DCTConnectionControllerAppAppDelegate.h; sourceTree = "<group>"; };
		24B1A9D2134D230D00450E28 /* DCTConnectionControllerAppAppDelegate.m */ = {isa = PBXFileReference; lastKnownFileType = sourcecode.c.objc; path = DCTConnectionControllerAppAppDelegate.m; sourceTree = "<group>"; };
		24B1A9D5134D230D00450E28 /* en */ = {isa = PBXFileReference; lastKnownFileType = file.xib; name = en; path = en.lproj/MainWindow.xib; sourceTree = "<group>"; };
		24B1A9DD134D245500450E28 /* libDCTFoundation.a */ = {isa = PBXFileReference; lastKnownFileType = file; name = libDCTFoundation.a; path = "DCTFoundation/build/Release-iphoneos/libDCTFoundation.a"; sourceTree = "<group>"; };
		24B1A9DF134D24A500450E28 /* DCTConnectionKitExampleView.xib */ = {isa = PBXFileReference; fileEncoding = 4; lastKnownFileType = file.xib; path = DCTConnectionKitExampleView.xib; sourceTree = "<group>"; };
		24B1A9E0134D24A500450E28 /* DCTConnectionKitExampleViewController.h */ = {isa = PBXFileReference; fileEncoding = 4; lastKnownFileType = sourcecode.c.h; path = DCTConnectionKitExampleViewController.h; sourceTree = "<group>"; };
		24B1A9E1134D24A500450E28 /* DCTConnectionKitExampleViewController.m */ = {isa = PBXFileReference; fileEncoding = 4; lastKnownFileType = sourcecode.c.objc; path = DCTConnectionKitExampleViewController.m; sourceTree = "<group>"; };
/* End PBXFileReference section */

/* Begin PBXFrameworksBuildPhase section */
		2426CF1B1348C34700412223 /* Frameworks */ = {
			isa = PBXFrameworksBuildPhase;
			buildActionMask = 2147483647;
			files = (
				2426CF221348C34700412223 /* Foundation.framework in Frameworks */,
			);
			runOnlyForDeploymentPostprocessing = 0;
		};
		2426CF271348C34700412223 /* Frameworks */ = {
			isa = PBXFrameworksBuildPhase;
			buildActionMask = 2147483647;
			files = (
				2426CF2D1348C34700412223 /* UIKit.framework in Frameworks */,
				2426CF2E1348C34700412223 /* Foundation.framework in Frameworks */,
				2426CF301348C34700412223 /* CoreGraphics.framework in Frameworks */,
				2426CF331348C34700412223 /* libDCTConnectionController.a in Frameworks */,
			);
			runOnlyForDeploymentPostprocessing = 0;
		};
		24B1A9C0134D230D00450E28 /* Frameworks */ = {
			isa = PBXFrameworksBuildPhase;
			buildActionMask = 2147483647;
			files = (
				24B1A9DE134D245500450E28 /* libDCTFoundation.a in Frameworks */,
				24B1A9DC134D245200450E28 /* libDCTConnectionController.a in Frameworks */,
				24B1A9C5134D230D00450E28 /* UIKit.framework in Frameworks */,
				24B1A9C6134D230D00450E28 /* Foundation.framework in Frameworks */,
				24B1A9C7134D230D00450E28 /* CoreGraphics.framework in Frameworks */,
			);
			runOnlyForDeploymentPostprocessing = 0;
		};
/* End PBXFrameworksBuildPhase section */

/* Begin PBXGroup section */
		2405677B1348C814004FF828 /* Categories */ = {
			isa = PBXGroup;
			children = (
				2405677C1348C814004FF828 /* NSData+Base64.h */,
				2405677D1348C814004FF828 /* NSData+Base64.m */,
				2405677E1348C814004FF828 /* NSString+DCTURLEncoding.h */,
				2405677F1348C814004FF828 /* NSString+DCTURLEncoding.m */,
			);
			path = Categories;
			sourceTree = "<group>";
		};
		240567801348C814004FF828 /* Connection Controllers */ = {
			isa = PBXGroup;
			children = (
				240567811348C814004FF828 /* DCTRequestConnectionController.h */,
				240567821348C814004FF828 /* DCTRequestConnectionController.m */,
				240567831348C814004FF828 /* DCTURLConnectionController.h */,
				240567841348C814004FF828 /* DCTURLConnectionController.m */,
			);
			path = "Connection Controllers";
			sourceTree = "<group>";
		};
		240567911348C814004FF828 /* UIKit Additions */ = {
			isa = PBXGroup;
			children = (
				240567921348C814004FF828 /* DCTConnectionQueue+UIKitAdditions.h */,
				240567931348C814004FF828 /* DCTConnectionQueue+UIKitAdditions.m */,
			);
			path = "UIKit Additions";
			sourceTree = "<group>";
		};
		240567B91348C8E9004FF828 /* Libraries */ = {
			isa = PBXGroup;
			children = (
				24B1A9DD134D245500450E28 /* libDCTFoundation.a */,
				240567B71348C8DD004FF828 /* libDCTFoundation.a */,
			);
			name = Libraries;
			sourceTree = "<group>";
		};
		2426CF131348C34700412223 = {
			isa = PBXGroup;
			children = (
				2405677B1348C814004FF828 /* Categories */,
				240567801348C814004FF828 /* Connection Controllers */,
				240567851348C814004FF828 /* DCTConnectionController.h */,
				240567861348C814004FF828 /* DCTConnectionController.m */,
				240567871348C814004FF828 /* DCTConnectionController+Equality.h */,
				240567881348C814004FF828 /* DCTConnectionController+Equality.m */,
				240567891348C814004FF828 /* DCTConnectionQueue.h */,
				2405678A1348C814004FF828 /* DCTConnectionQueue.m */,
				2405678B1348C814004FF828 /* DCTConnectionQueue+Singleton.h */,
				2405678C1348C814004FF828 /* DCTConnectionQueue+Singleton.m */,
				2405678D1348C814004FF828 /* DCTRESTController.h */,
				2405678E1348C814004FF828 /* DCTRESTController.m */,
				2405678F1348C814004FF828 /* DCTURLConnection.h */,
				240567901348C814004FF828 /* DCTURLConnection.m */,
				240567911348C814004FF828 /* UIKit Additions */,
				2426CF231348C34700412223 /* DCTConnectionController */,
				2426CF341348C34700412223 /* DCTConnectionControllerTests */,
				24B1A9C8134D230D00450E28 /* DCTConnectionControllerApp */,
				240567B91348C8E9004FF828 /* Libraries */,
				2426CF201348C34700412223 /* Frameworks */,
				2426CF1F1348C34700412223 /* Products */,
			);
			sourceTree = "<group>";
		};
		2426CF1F1348C34700412223 /* Products */ = {
			isa = PBXGroup;
			children = (
				2426CF1E1348C34700412223 /* libDCTConnectionController.a */,
				2426CF2B1348C34700412223 /* DCTConnectionControllerTests.octest */,
				24B1A9C3134D230D00450E28 /* DCTConnectionControllerApp.app */,
			);
			name = Products;
			sourceTree = "<group>";
		};
		2426CF201348C34700412223 /* Frameworks */ = {
			isa = PBXGroup;
			children = (
				2426CF211348C34700412223 /* Foundation.framework */,
				2426CF2C1348C34700412223 /* UIKit.framework */,
				2426CF2F1348C34700412223 /* CoreGraphics.framework */,
			);
			name = Frameworks;
			sourceTree = "<group>";
		};
		2426CF231348C34700412223 /* DCTConnectionController */ = {
			isa = PBXGroup;
			children = (
				2426CF241348C34700412223 /* Supporting Files */,
			);
			path = DCTConnectionController;
			sourceTree = "<group>";
		};
		2426CF241348C34700412223 /* Supporting Files */ = {
			isa = PBXGroup;
			children = (
				2426CF251348C34700412223 /* DCTConnectionController-Prefix.pch */,
			);
			name = "Supporting Files";
			sourceTree = "<group>";
		};
		2426CF341348C34700412223 /* DCTConnectionControllerTests */ = {
			isa = PBXGroup;
			children = (
				2426CF3B1348C34700412223 /* DCTConnectionControllerTests.h */,
				2426CF3D1348C34700412223 /* DCTConnectionControllerTests.m */,
				2426CF351348C34700412223 /* Supporting Files */,
			);
			path = DCTConnectionControllerTests;
			sourceTree = "<group>";
		};
		2426CF351348C34700412223 /* Supporting Files */ = {
			isa = PBXGroup;
			children = (
				2426CF361348C34700412223 /* DCTConnectionControllerTests-Info.plist */,
				2426CF371348C34700412223 /* InfoPlist.strings */,
				2426CF3A1348C34700412223 /* DCTConnectionControllerTests-Prefix.pch */,
			);
			name = "Supporting Files";
			sourceTree = "<group>";
		};
		24B1A9C8134D230D00450E28 /* DCTConnectionControllerApp */ = {
			isa = PBXGroup;
			children = (
				24B1A9D1134D230D00450E28 /* DCTConnectionControllerAppAppDelegate.h */,
				24B1A9D2134D230D00450E28 /* DCTConnectionControllerAppAppDelegate.m */,
				24B1A9D4134D230D00450E28 /* MainWindow.xib */,
				24B1A9DF134D24A500450E28 /* DCTConnectionKitExampleView.xib */,
				24B1A9E0134D24A500450E28 /* DCTConnectionKitExampleViewController.h */,
				24B1A9E1134D24A500450E28 /* DCTConnectionKitExampleViewController.m */,
				24B1A9C9134D230D00450E28 /* Supporting Files */,
			);
			path = DCTConnectionControllerApp;
			sourceTree = "<group>";
		};
		24B1A9C9134D230D00450E28 /* Supporting Files */ = {
			isa = PBXGroup;
			children = (
				24B1A9CA134D230D00450E28 /* DCTConnectionControllerApp-Info.plist */,
				24B1A9CB134D230D00450E28 /* InfoPlist.strings */,
				24B1A9CE134D230D00450E28 /* DCTConnectionControllerApp-Prefix.pch */,
				24B1A9CF134D230D00450E28 /* main.m */,
			);
			name = "Supporting Files";
			sourceTree = "<group>";
		};
/* End PBXGroup section */

/* Begin PBXHeadersBuildPhase section */
		2426CF1C1348C34700412223 /* Headers */ = {
			isa = PBXHeadersBuildPhase;
			buildActionMask = 2147483647;
			files = (
				240567941348C814004FF828 /* NSData+Base64.h in Headers */,
				240567961348C814004FF828 /* NSString+DCTURLEncoding.h in Headers */,
				240567981348C814004FF828 /* DCTRequestConnectionController.h in Headers */,
				2405679A1348C814004FF828 /* DCTURLConnectionController.h in Headers */,
				2405679C1348C814004FF828 /* DCTConnectionController.h in Headers */,
				2405679E1348C814004FF828 /* DCTConnectionController+Equality.h in Headers */,
				240567A01348C814004FF828 /* DCTConnectionQueue.h in Headers */,
				240567A21348C814004FF828 /* DCTConnectionQueue+Singleton.h in Headers */,
				240567A41348C814004FF828 /* DCTRESTController.h in Headers */,
				240567A61348C814004FF828 /* DCTURLConnection.h in Headers */,
				240567A81348C814004FF828 /* DCTConnectionQueue+UIKitAdditions.h in Headers */,
			);
			runOnlyForDeploymentPostprocessing = 0;
		};
/* End PBXHeadersBuildPhase section */

/* Begin PBXNativeTarget section */
		2426CF1D1348C34700412223 /* DCTConnectionController */ = {
			isa = PBXNativeTarget;
			buildConfigurationList = 2426CF411348C34700412223 /* Build configuration list for PBXNativeTarget "DCTConnectionController" */;
			buildPhases = (
				2426CF1A1348C34700412223 /* Sources */,
				2426CF1B1348C34700412223 /* Frameworks */,
				2426CF1C1348C34700412223 /* Headers */,
			);
			buildRules = (
			);
			dependencies = (
			);
			name = DCTConnectionController;
			productName = DCTConnectionController;
			productReference = 2426CF1E1348C34700412223 /* libDCTConnectionController.a */;
			productType = "com.apple.product-type.library.static";
		};
		2426CF2A1348C34700412223 /* DCTConnectionControllerTests */ = {
			isa = PBXNativeTarget;
			buildConfigurationList = 2426CF441348C34700412223 /* Build configuration list for PBXNativeTarget "DCTConnectionControllerTests" */;
			buildPhases = (
				2426CF261348C34700412223 /* Sources */,
				2426CF271348C34700412223 /* Frameworks */,
				2426CF281348C34700412223 /* Resources */,
				2426CF291348C34700412223 /* ShellScript */,
			);
			buildRules = (
			);
			dependencies = (
				2426CF321348C34700412223 /* PBXTargetDependency */,
			);
			name = DCTConnectionControllerTests;
			productName = DCTConnectionControllerTests;
			productReference = 2426CF2B1348C34700412223 /* DCTConnectionControllerTests.octest */;
			productType = "com.apple.product-type.bundle";
		};
		24B1A9C2134D230D00450E28 /* DCTConnectionControllerApp */ = {
			isa = PBXNativeTarget;
			buildConfigurationList = 24B1A9D7134D230D00450E28 /* Build configuration list for PBXNativeTarget "DCTConnectionControllerApp" */;
			buildPhases = (
				24B1A9BF134D230D00450E28 /* Sources */,
				24B1A9C0134D230D00450E28 /* Frameworks */,
				24B1A9C1134D230D00450E28 /* Resources */,
			);
			buildRules = (
			);
			dependencies = (
				24B1A9DB134D243F00450E28 /* PBXTargetDependency */,
			);
			name = DCTConnectionControllerApp;
			productName = DCTConnectionControllerApp;
			productReference = 24B1A9C3134D230D00450E28 /* DCTConnectionControllerApp.app */;
			productType = "com.apple.product-type.application";
		};
/* End PBXNativeTarget section */

/* Begin PBXProject section */
		2426CF151348C34700412223 /* Project object */ = {
			isa = PBXProject;
			attributes = {
				ORGANIZATIONNAME = "Daniel Tull";
			};
			buildConfigurationList = 2426CF181348C34700412223 /* Build configuration list for PBXProject "DCTConnectionController" */;
			compatibilityVersion = "Xcode 3.2";
			developmentRegion = English;
			hasScannedForEncodings = 0;
			knownRegions = (
				en,
			);
			mainGroup = 2426CF131348C34700412223;
			productRefGroup = 2426CF1F1348C34700412223 /* Products */;
			projectDirPath = "";
			projectRoot = "";
			targets = (
				2426CF1D1348C34700412223 /* DCTConnectionController */,
				2426CF2A1348C34700412223 /* DCTConnectionControllerTests */,
				24B1A9C2134D230D00450E28 /* DCTConnectionControllerApp */,
			);
		};
/* End PBXProject section */

/* Begin PBXResourcesBuildPhase section */
		2426CF281348C34700412223 /* Resources */ = {
			isa = PBXResourcesBuildPhase;
			buildActionMask = 2147483647;
			files = (
				2426CF391348C34700412223 /* InfoPlist.strings in Resources */,
				2426CF3C1348C34700412223 /* DCTConnectionControllerTests.h in Resources */,
			);
			runOnlyForDeploymentPostprocessing = 0;
		};
		24B1A9C1134D230D00450E28 /* Resources */ = {
			isa = PBXResourcesBuildPhase;
			buildActionMask = 2147483647;
			files = (
				24B1A9CD134D230D00450E28 /* InfoPlist.strings in Resources */,
				24B1A9D6134D230D00450E28 /* MainWindow.xib in Resources */,
				24B1A9E2134D24A500450E28 /* DCTConnectionKitExampleView.xib in Resources */,
			);
			runOnlyForDeploymentPostprocessing = 0;
		};
/* End PBXResourcesBuildPhase section */

/* Begin PBXShellScriptBuildPhase section */
		2426CF291348C34700412223 /* ShellScript */ = {
			isa = PBXShellScriptBuildPhase;
			buildActionMask = 2147483647;
			files = (
			);
			inputPaths = (
			);
			outputPaths = (
			);
			runOnlyForDeploymentPostprocessing = 0;
			shellPath = /bin/sh;
			shellScript = "# Run the unit tests in this test bundle.\n\"${SYSTEM_DEVELOPER_DIR}/Tools/RunUnitTests\"\n";
		};
/* End PBXShellScriptBuildPhase section */

/* Begin PBXSourcesBuildPhase section */
		2426CF1A1348C34700412223 /* Sources */ = {
			isa = PBXSourcesBuildPhase;
			buildActionMask = 2147483647;
			files = (
				240567951348C814004FF828 /* NSData+Base64.m in Sources */,
				240567971348C814004FF828 /* NSString+DCTURLEncoding.m in Sources */,
				240567991348C814004FF828 /* DCTRequestConnectionController.m in Sources */,
				2405679B1348C814004FF828 /* DCTURLConnectionController.m in Sources */,
				2405679D1348C814004FF828 /* DCTConnectionController.m in Sources */,
				2405679F1348C814004FF828 /* DCTConnectionController+Equality.m in Sources */,
				240567A11348C814004FF828 /* DCTConnectionQueue.m in Sources */,
				240567A31348C814004FF828 /* DCTConnectionQueue+Singleton.m in Sources */,
				240567A51348C814004FF828 /* DCTRESTController.m in Sources */,
				240567A71348C814004FF828 /* DCTURLConnection.m in Sources */,
				240567A91348C814004FF828 /* DCTConnectionQueue+UIKitAdditions.m in Sources */,
			);
			runOnlyForDeploymentPostprocessing = 0;
		};
		2426CF261348C34700412223 /* Sources */ = {
			isa = PBXSourcesBuildPhase;
			buildActionMask = 2147483647;
			files = (
				2426CF3E1348C34700412223 /* DCTConnectionControllerTests.m in Sources */,
			);
			runOnlyForDeploymentPostprocessing = 0;
		};
		24B1A9BF134D230D00450E28 /* Sources */ = {
			isa = PBXSourcesBuildPhase;
			buildActionMask = 2147483647;
			files = (
				24B1A9D0134D230D00450E28 /* main.m in Sources */,
				24B1A9D3134D230D00450E28 /* DCTConnectionControllerAppAppDelegate.m in Sources */,
				24B1A9E3134D24A500450E28 /* DCTConnectionKitExampleViewController.m in Sources */,
			);
			runOnlyForDeploymentPostprocessing = 0;
		};
/* End PBXSourcesBuildPhase section */

/* Begin PBXTargetDependency section */
		2426CF321348C34700412223 /* PBXTargetDependency */ = {
			isa = PBXTargetDependency;
			target = 2426CF1D1348C34700412223 /* DCTConnectionController */;
			targetProxy = 2426CF311348C34700412223 /* PBXContainerItemProxy */;
		};
		24B1A9DB134D243F00450E28 /* PBXTargetDependency */ = {
			isa = PBXTargetDependency;
			target = 2426CF1D1348C34700412223 /* DCTConnectionController */;
			targetProxy = 24B1A9DA134D243F00450E28 /* PBXContainerItemProxy */;
		};
/* End PBXTargetDependency section */

/* Begin PBXVariantGroup section */
		2426CF371348C34700412223 /* InfoPlist.strings */ = {
			isa = PBXVariantGroup;
			children = (
				2426CF381348C34700412223 /* en */,
			);
			name = InfoPlist.strings;
			sourceTree = "<group>";
		};
		24B1A9CB134D230D00450E28 /* InfoPlist.strings */ = {
			isa = PBXVariantGroup;
			children = (
				24B1A9CC134D230D00450E28 /* en */,
			);
			name = InfoPlist.strings;
			sourceTree = "<group>";
		};
		24B1A9D4134D230D00450E28 /* MainWindow.xib */ = {
			isa = PBXVariantGroup;
			children = (
				24B1A9D5134D230D00450E28 /* en */,
			);
			name = MainWindow.xib;
			sourceTree = "<group>";
		};
/* End PBXVariantGroup section */

/* Begin XCBuildConfiguration section */
		2426CF3F1348C34700412223 /* Debug */ = {
			isa = XCBuildConfiguration;
			buildSettings = {
				ARCHS = "$(ARCHS_STANDARD_32_BIT)";
				GCC_C_LANGUAGE_STANDARD = gnu99;
				GCC_OPTIMIZATION_LEVEL = 0;
				GCC_PREPROCESSOR_DEFINITIONS = DEBUG;
				GCC_SYMBOLS_PRIVATE_EXTERN = NO;
				GCC_VERSION = com.apple.compilers.llvm.clang.1_0;
				GCC_WARN_ABOUT_RETURN_TYPE = YES;
				GCC_WARN_UNUSED_VARIABLE = YES;
				HEADER_SEARCH_PATHS = DCTFoundation/;
				IPHONEOS_DEPLOYMENT_TARGET = 4.3;
				SDKROOT = iphoneos;
			};
			name = Debug;
		};
		2426CF401348C34700412223 /* Release */ = {
			isa = XCBuildConfiguration;
			buildSettings = {
				ARCHS = "$(ARCHS_STANDARD_32_BIT)";
				GCC_C_LANGUAGE_STANDARD = gnu99;
				GCC_VERSION = com.apple.compilers.llvm.clang.1_0;
				GCC_WARN_ABOUT_RETURN_TYPE = YES;
				GCC_WARN_UNUSED_VARIABLE = YES;
				HEADER_SEARCH_PATHS = DCTFoundation/;
				IPHONEOS_DEPLOYMENT_TARGET = 4.3;
				SDKROOT = iphoneos;
			};
			name = Release;
		};
		2426CF421348C34700412223 /* Debug */ = {
			isa = XCBuildConfiguration;
			buildSettings = {
				ALWAYS_SEARCH_USER_PATHS = NO;
				DSTROOT = /tmp/DCTConnectionController.dst;
				GCC_PRECOMPILE_PREFIX_HEADER = YES;
				GCC_PREFIX_HEADER = "DCTConnectionController/DCTConnectionController-Prefix.pch";
				LIBRARY_SEARCH_PATHS = (
					"$(inherited)",
					"\"$(SRCROOT)\"/**",
				);
				OTHER_LDFLAGS = (
					"-ObjC",
					"-all_load",
				);
				PRODUCT_NAME = "$(TARGET_NAME)";
			};
			name = Debug;
		};
		2426CF431348C34700412223 /* Release */ = {
			isa = XCBuildConfiguration;
			buildSettings = {
				ALWAYS_SEARCH_USER_PATHS = NO;
				DSTROOT = /tmp/DCTConnectionController.dst;
				GCC_PRECOMPILE_PREFIX_HEADER = YES;
				GCC_PREFIX_HEADER = "DCTConnectionController/DCTConnectionController-Prefix.pch";
				LIBRARY_SEARCH_PATHS = (
					"$(inherited)",
					"\"$(SRCROOT)\"/**",
				);
				OTHER_LDFLAGS = (
					"-ObjC",
					"-all_load",
				);
				PRODUCT_NAME = "$(TARGET_NAME)";
			};
			name = Release;
		};
		2426CF451348C34700412223 /* Debug */ = {
			isa = XCBuildConfiguration;
			buildSettings = {
				ALWAYS_SEARCH_USER_PATHS = NO;
				FRAMEWORK_SEARCH_PATHS = (
					"$(SDKROOT)/Developer/Library/Frameworks",
					"$(DEVELOPER_LIBRARY_DIR)/Frameworks",
				);
				GCC_PRECOMPILE_PREFIX_HEADER = YES;
				GCC_PREFIX_HEADER = "DCTConnectionControllerTests/DCTConnectionControllerTests-Prefix.pch";
				INFOPLIST_FILE = "DCTConnectionControllerTests/DCTConnectionControllerTests-Info.plist";
				OTHER_LDFLAGS = (
					"-framework",
					SenTestingKit,
				);
				PRODUCT_NAME = "$(TARGET_NAME)";
				WRAPPER_EXTENSION = octest;
			};
			name = Debug;
		};
		2426CF461348C34700412223 /* Release */ = {
			isa = XCBuildConfiguration;
			buildSettings = {
				ALWAYS_SEARCH_USER_PATHS = NO;
				FRAMEWORK_SEARCH_PATHS = (
					"$(SDKROOT)/Developer/Library/Frameworks",
					"$(DEVELOPER_LIBRARY_DIR)/Frameworks",
				);
				GCC_PRECOMPILE_PREFIX_HEADER = YES;
				GCC_PREFIX_HEADER = "DCTConnectionControllerTests/DCTConnectionControllerTests-Prefix.pch";
				INFOPLIST_FILE = "DCTConnectionControllerTests/DCTConnectionControllerTests-Info.plist";
				OTHER_LDFLAGS = (
					"-framework",
					SenTestingKit,
				);
				PRODUCT_NAME = "$(TARGET_NAME)";
				WRAPPER_EXTENSION = octest;
			};
			name = Release;
		};
		24B1A9D8134D230D00450E28 /* Debug */ = {
			isa = XCBuildConfiguration;
			buildSettings = {
				ALWAYS_SEARCH_USER_PATHS = NO;
				"CODE_SIGN_IDENTITY[sdk=iphoneos*]" = "iPhone Developer";
				COPY_PHASE_STRIP = NO;
				GCC_DYNAMIC_NO_PIC = NO;
				GCC_PRECOMPILE_PREFIX_HEADER = YES;
				GCC_PREFIX_HEADER = "DCTConnectionControllerApp/DCTConnectionControllerApp-Prefix.pch";
				GCC_PREPROCESSOR_DEFINITIONS = "DEBUG=1";
				INFOPLIST_FILE = "DCTConnectionControllerApp/DCTConnectionControllerApp-Info.plist";
				OTHER_LDFLAGS = (
					"-ObjC",
					"-all_load",
				);
				PRODUCT_NAME = "$(TARGET_NAME)";
				WRAPPER_EXTENSION = app;
			};
			name = Debug;
		};
		24B1A9D9134D230D00450E28 /* Release */ = {
			isa = XCBuildConfiguration;
			buildSettings = {
				ALWAYS_SEARCH_USER_PATHS = NO;
				"CODE_SIGN_IDENTITY[sdk=iphoneos*]" = "iPhone Developer";
				COPY_PHASE_STRIP = YES;
				GCC_PRECOMPILE_PREFIX_HEADER = YES;
				GCC_PREFIX_HEADER = "DCTConnectionControllerApp/DCTConnectionControllerApp-Prefix.pch";
				INFOPLIST_FILE = "DCTConnectionControllerApp/DCTConnectionControllerApp-Info.plist";
				OTHER_CFLAGS = "-DNS_BLOCK_ASSERTIONS=1";
				OTHER_LDFLAGS = (
					"-ObjC",
					"-all_load",
				);
				PRODUCT_NAME = "$(TARGET_NAME)";
				VALIDATE_PRODUCT = YES;
				WRAPPER_EXTENSION = app;
			};
			name = Release;
		};
/* End XCBuildConfiguration section */

/* Begin XCConfigurationList section */
		2426CF181348C34700412223 /* Build configuration list for PBXProject "DCTConnectionController" */ = {
			isa = XCConfigurationList;
			buildConfigurations = (
				2426CF3F1348C34700412223 /* Debug */,
				2426CF401348C34700412223 /* Release */,
			);
			defaultConfigurationIsVisible = 0;
			defaultConfigurationName = Release;
		};
		2426CF411348C34700412223 /* Build configuration list for PBXNativeTarget "DCTConnectionController" */ = {
			isa = XCConfigurationList;
			buildConfigurations = (
				2426CF421348C34700412223 /* Debug */,
				2426CF431348C34700412223 /* Release */,
			);
			defaultConfigurationIsVisible = 0;
			defaultConfigurationName = Release;
		};
		2426CF441348C34700412223 /* Build configuration list for PBXNativeTarget "DCTConnectionControllerTests" */ = {
			isa = XCConfigurationList;
			buildConfigurations = (
				2426CF451348C34700412223 /* Debug */,
				2426CF461348C34700412223 /* Release */,
			);
			defaultConfigurationIsVisible = 0;
			defaultConfigurationName = Release;
		};
		24B1A9D7134D230D00450E28 /* Build configuration list for PBXNativeTarget "DCTConnectionControllerApp" */ = {
			isa = XCConfigurationList;
			buildConfigurations = (
				24B1A9D8134D230D00450E28 /* Debug */,
				24B1A9D9134D230D00450E28 /* Release */,
			);
			defaultConfigurationIsVisible = 0;
		};
/* End XCConfigurationList section */
	};
	rootObject = 2426CF151348C34700412223 /* Project object */;
}
