// !$*UTF8*$!
{
	archiveVersion = 1;
	classes = {
	};
	objectVersion = 46;
	objects = {

/* Begin PBXBuildFile section */
		247CBC941598FD960006A011 /* ViewController.m in Sources */ = {isa = PBXBuildFile; fileRef = 247CBC921598FD960006A011 /* ViewController.m */; };
		247CBC951598FD960006A011 /* ViewController.xib in Resources */ = {isa = PBXBuildFile; fileRef = 247CBC931598FD960006A011 /* ViewController.xib */; };
		249D6E3C159890F300FE9A23 /* UIKit.framework in Frameworks */ = {isa = PBXBuildFile; fileRef = 24F6EC4F158A2BD200CEDD41 /* UIKit.framework */; };
		249D6E3D159890F300FE9A23 /* Foundation.framework in Frameworks */ = {isa = PBXBuildFile; fileRef = 24F6EC3F158A2BD100CEDD41 /* Foundation.framework */; };
		249D6E3F159890F300FE9A23 /* CoreGraphics.framework in Frameworks */ = {isa = PBXBuildFile; fileRef = 249D6E3E159890F300FE9A23 /* CoreGraphics.framework */; };
		249D6E45159890F300FE9A23 /* InfoPlist.strings in Resources */ = {isa = PBXBuildFile; fileRef = 249D6E43159890F300FE9A23 /* InfoPlist.strings */; };
		249D6E47159890F300FE9A23 /* main.m in Sources */ = {isa = PBXBuildFile; fileRef = 249D6E46159890F300FE9A23 /* main.m */; };
		249D6E4B159890F300FE9A23 /* AppDelegate.m in Sources */ = {isa = PBXBuildFile; fileRef = 249D6E4A159890F300FE9A23 /* AppDelegate.m */; };
		249D6E601598920700FE9A23 /* libDCTConnectionController.a in Frameworks */ = {isa = PBXBuildFile; fileRef = 24F6EC3C158A2BD100CEDD41 /* libDCTConnectionController.a */; };
		24BE261215A7410100161A59 /* Cocoa.framework in Frameworks */ = {isa = PBXBuildFile; fileRef = 24BE261115A7410100161A59 /* Cocoa.framework */; };
		24BE261C15A7410100161A59 /* InfoPlist.strings in Resources */ = {isa = PBXBuildFile; fileRef = 24BE261A15A7410100161A59 /* InfoPlist.strings */; };
		24BE261E15A7410100161A59 /* main.m in Sources */ = {isa = PBXBuildFile; fileRef = 24BE261D15A7410100161A59 /* main.m */; };
		24BE262215A7410100161A59 /* Credits.rtf in Resources */ = {isa = PBXBuildFile; fileRef = 24BE262015A7410100161A59 /* Credits.rtf */; };
		24BE262515A7410100161A59 /* AppDelegate.m in Sources */ = {isa = PBXBuildFile; fileRef = 24BE262415A7410100161A59 /* AppDelegate.m */; };
		24BE262815A7410100161A59 /* MainMenu.xib in Resources */ = {isa = PBXBuildFile; fileRef = 24BE262615A7410100161A59 /* MainMenu.xib */; };
		24BE262C15A7410A00161A59 /* libDCTConnectionController.a in Frameworks */ = {isa = PBXBuildFile; fileRef = 24F6EC3C158A2BD100CEDD41 /* libDCTConnectionController.a */; };
		24F6EC40158A2BD100CEDD41 /* Foundation.framework in Frameworks */ = {isa = PBXBuildFile; fileRef = 24F6EC3F158A2BD100CEDD41 /* Foundation.framework */; };
		24F6EC4E158A2BD200CEDD41 /* SenTestingKit.framework in Frameworks */ = {isa = PBXBuildFile; fileRef = 24F6EC4D158A2BD200CEDD41 /* SenTestingKit.framework */; };
		24F6EC50158A2BD200CEDD41 /* UIKit.framework in Frameworks */ = {isa = PBXBuildFile; fileRef = 24F6EC4F158A2BD200CEDD41 /* UIKit.framework */; };
		24F6EC51158A2BD200CEDD41 /* Foundation.framework in Frameworks */ = {isa = PBXBuildFile; fileRef = 24F6EC3F158A2BD100CEDD41 /* Foundation.framework */; };
		24F6EC54158A2BD200CEDD41 /* libDCTConnectionController.a in Frameworks */ = {isa = PBXBuildFile; fileRef = 24F6EC3C158A2BD100CEDD41 /* libDCTConnectionController.a */; };
		24F6EC5A158A2BD200CEDD41 /* InfoPlist.strings in Resources */ = {isa = PBXBuildFile; fileRef = 24F6EC58158A2BD200CEDD41 /* InfoPlist.strings */; };
		24F6EC5D158A2BD200CEDD41 /* DCTConnectionControllerTests.m in Sources */ = {isa = PBXBuildFile; fileRef = 24F6EC5C158A2BD200CEDD41 /* DCTConnectionControllerTests.m */; };
		24F6EC7A158A2C3000CEDD41 /* DCTConnectionController.h in Headers */ = {isa = PBXBuildFile; fileRef = 24F6EC67158A2C3000CEDD41 /* DCTConnectionController.h */; settings = {ATTRIBUTES = (Public, ); }; };
		24F6EC7B158A2C3000CEDD41 /* DCTConnectionController.m in Sources */ = {isa = PBXBuildFile; fileRef = 24F6EC68158A2C3000CEDD41 /* DCTConnectionController.m */; };
		24F6EC7C158A2C3000CEDD41 /* DCTConnectionController+BlockHandlers.h in Headers */ = {isa = PBXBuildFile; fileRef = 24F6EC69158A2C3000CEDD41 /* DCTConnectionController+BlockHandlers.h */; settings = {ATTRIBUTES = (Public, ); }; };
		24F6EC7D158A2C3000CEDD41 /* DCTConnectionController+BlockHandlers.m in Sources */ = {isa = PBXBuildFile; fileRef = 24F6EC6A158A2C3000CEDD41 /* DCTConnectionController+BlockHandlers.m */; };
		24F6EC7E158A2C3000CEDD41 /* DCTConnectionController+Equality.h in Headers */ = {isa = PBXBuildFile; fileRef = 24F6EC6B158A2C3000CEDD41 /* DCTConnectionController+Equality.h */; };
		24F6EC7F158A2C3000CEDD41 /* DCTConnectionController+Equality.m in Sources */ = {isa = PBXBuildFile; fileRef = 24F6EC6C158A2C3000CEDD41 /* DCTConnectionController+Equality.m */; };
		24F6EC82158A2C3000CEDD41 /* DCTConnectionControllerDisplay.h in Headers */ = {isa = PBXBuildFile; fileRef = 24F6EC6F158A2C3000CEDD41 /* DCTConnectionControllerDisplay.h */; };
		24F6EC83158A2C3000CEDD41 /* DCTConnectionControllerDisplay.m in Sources */ = {isa = PBXBuildFile; fileRef = 24F6EC70158A2C3000CEDD41 /* DCTConnectionControllerDisplay.m */; };
		24F6EC86158A2C3000CEDD41 /* DCTConnectionQueue.h in Headers */ = {isa = PBXBuildFile; fileRef = 24F6EC73158A2C3000CEDD41 /* DCTConnectionQueue.h */; settings = {ATTRIBUTES = (Public, ); }; };
		24F6EC87158A2C3000CEDD41 /* DCTConnectionQueue.m in Sources */ = {isa = PBXBuildFile; fileRef = 24F6EC74158A2C3000CEDD41 /* DCTConnectionQueue.m */; };
		24F6EC88158A2C3000CEDD41 /* DCTRESTConnectionController.h in Headers */ = {isa = PBXBuildFile; fileRef = 24F6EC75158A2C3000CEDD41 /* DCTRESTConnectionController.h */; settings = {ATTRIBUTES = (Public, ); }; };
		24F6EC89158A2C3000CEDD41 /* DCTRESTConnectionController.m in Sources */ = {isa = PBXBuildFile; fileRef = 24F6EC76158A2C3000CEDD41 /* DCTRESTConnectionController.m */; };
		24F6EC8A158A2C3000CEDD41 /* NSString+DCTURLEncoding.h in Headers */ = {isa = PBXBuildFile; fileRef = 24F6EC77158A2C3000CEDD41 /* NSString+DCTURLEncoding.h */; settings = {ATTRIBUTES = (Public, ); }; };
		24F6EC8B158A2C3000CEDD41 /* NSString+DCTURLEncoding.m in Sources */ = {isa = PBXBuildFile; fileRef = 24F6EC78158A2C3000CEDD41 /* NSString+DCTURLEncoding.m */; };
/* End PBXBuildFile section */

/* Begin PBXContainerItemProxy section */
		24F6EC52158A2BD200CEDD41 /* PBXContainerItemProxy */ = {
			isa = PBXContainerItemProxy;
			containerPortal = 24F6EC33158A2BD100CEDD41 /* Project object */;
			proxyType = 1;
			remoteGlobalIDString = 24F6EC3B158A2BD100CEDD41;
			remoteInfo = DCTConnectionController;
		};
/* End PBXContainerItemProxy section */

/* Begin PBXFileReference section */
		247CBC911598FD960006A011 /* ViewController.h */ = {isa = PBXFileReference; fileEncoding = 4; lastKnownFileType = sourcecode.c.h; path = ViewController.h; sourceTree = "<group>"; };
		247CBC921598FD960006A011 /* ViewController.m */ = {isa = PBXFileReference; fileEncoding = 4; lastKnownFileType = sourcecode.c.objc; path = ViewController.m; sourceTree = "<group>"; };
		247CBC931598FD960006A011 /* ViewController.xib */ = {isa = PBXFileReference; fileEncoding = 4; lastKnownFileType = file.xib; path = ViewController.xib; sourceTree = "<group>"; };
		249D6E3A159890F300FE9A23 /* DCTConnectionControllerDemo.app */ = {isa = PBXFileReference; explicitFileType = wrapper.application; includeInIndex = 0; path = DCTConnectionControllerDemo.app; sourceTree = BUILT_PRODUCTS_DIR; };
		249D6E3E159890F300FE9A23 /* CoreGraphics.framework */ = {isa = PBXFileReference; lastKnownFileType = wrapper.framework; name = CoreGraphics.framework; path = System/Library/Frameworks/CoreGraphics.framework; sourceTree = SDKROOT; };
		249D6E42159890F300FE9A23 /* DCTConnectionControllerDemo-Info.plist */ = {isa = PBXFileReference; lastKnownFileType = text.plist.xml; path = "DCTConnectionControllerDemo-Info.plist"; sourceTree = "<group>"; };
		249D6E44159890F300FE9A23 /* en */ = {isa = PBXFileReference; lastKnownFileType = text.plist.strings; name = en; path = en.lproj/InfoPlist.strings; sourceTree = "<group>"; };
		249D6E46159890F300FE9A23 /* main.m */ = {isa = PBXFileReference; lastKnownFileType = sourcecode.c.objc; path = main.m; sourceTree = "<group>"; };
		249D6E48159890F300FE9A23 /* DCTConnectionControllerDemo-Prefix.pch */ = {isa = PBXFileReference; lastKnownFileType = sourcecode.c.h; path = "DCTConnectionControllerDemo-Prefix.pch"; sourceTree = "<group>"; };
		249D6E49159890F300FE9A23 /* AppDelegate.h */ = {isa = PBXFileReference; lastKnownFileType = sourcecode.c.h; path = AppDelegate.h; sourceTree = "<group>"; };
		249D6E4A159890F300FE9A23 /* AppDelegate.m */ = {isa = PBXFileReference; lastKnownFileType = sourcecode.c.objc; path = AppDelegate.m; sourceTree = "<group>"; };
		24BE260F15A7410100161A59 /* Mac Demo.app */ = {isa = PBXFileReference; explicitFileType = wrapper.application; includeInIndex = 0; path = "Mac Demo.app"; sourceTree = BUILT_PRODUCTS_DIR; };
		24BE261115A7410100161A59 /* Cocoa.framework */ = {isa = PBXFileReference; lastKnownFileType = wrapper.framework; name = Cocoa.framework; path = Library/Frameworks/Cocoa.framework; sourceTree = DEVELOPER_DIR; };
		24BE261415A7410100161A59 /* AppKit.framework */ = {isa = PBXFileReference; lastKnownFileType = wrapper.framework; name = AppKit.framework; path = Library/Frameworks/AppKit.framework; sourceTree = SDKROOT; };
		24BE261515A7410100161A59 /* CoreData.framework */ = {isa = PBXFileReference; lastKnownFileType = wrapper.framework; name = CoreData.framework; path = Library/Frameworks/CoreData.framework; sourceTree = SDKROOT; };
		24BE261615A7410100161A59 /* Foundation.framework */ = {isa = PBXFileReference; lastKnownFileType = wrapper.framework; name = Foundation.framework; path = Library/Frameworks/Foundation.framework; sourceTree = SDKROOT; };
		24BE261915A7410100161A59 /* Mac Demo-Info.plist */ = {isa = PBXFileReference; lastKnownFileType = text.plist.xml; path = "Mac Demo-Info.plist"; sourceTree = "<group>"; };
		24BE261B15A7410100161A59 /* en */ = {isa = PBXFileReference; lastKnownFileType = text.plist.strings; name = en; path = en.lproj/InfoPlist.strings; sourceTree = "<group>"; };
		24BE261D15A7410100161A59 /* main.m */ = {isa = PBXFileReference; lastKnownFileType = sourcecode.c.objc; path = main.m; sourceTree = "<group>"; };
		24BE261F15A7410100161A59 /* Mac Demo-Prefix.pch */ = {isa = PBXFileReference; lastKnownFileType = sourcecode.c.h; path = "Mac Demo-Prefix.pch"; sourceTree = "<group>"; };
		24BE262115A7410100161A59 /* en */ = {isa = PBXFileReference; lastKnownFileType = text.rtf; name = en; path = en.lproj/Credits.rtf; sourceTree = "<group>"; };
		24BE262315A7410100161A59 /* AppDelegate.h */ = {isa = PBXFileReference; lastKnownFileType = sourcecode.c.h; path = AppDelegate.h; sourceTree = "<group>"; };
		24BE262415A7410100161A59 /* AppDelegate.m */ = {isa = PBXFileReference; lastKnownFileType = sourcecode.c.objc; path = AppDelegate.m; sourceTree = "<group>"; };
		24BE262715A7410100161A59 /* en */ = {isa = PBXFileReference; lastKnownFileType = file.xib; name = en; path = en.lproj/MainMenu.xib; sourceTree = "<group>"; };
		24F6EC3C158A2BD100CEDD41 /* libDCTConnectionController.a */ = {isa = PBXFileReference; explicitFileType = archive.ar; includeInIndex = 0; path = libDCTConnectionController.a; sourceTree = BUILT_PRODUCTS_DIR; };
		24F6EC3F158A2BD100CEDD41 /* Foundation.framework */ = {isa = PBXFileReference; lastKnownFileType = wrapper.framework; name = Foundation.framework; path = System/Library/Frameworks/Foundation.framework; sourceTree = SDKROOT; };
		24F6EC4C158A2BD200CEDD41 /* DCTConnectionControllerTests.octest */ = {isa = PBXFileReference; explicitFileType = wrapper.cfbundle; includeInIndex = 0; path = DCTConnectionControllerTests.octest; sourceTree = BUILT_PRODUCTS_DIR; };
		24F6EC4D158A2BD200CEDD41 /* SenTestingKit.framework */ = {isa = PBXFileReference; lastKnownFileType = wrapper.framework; name = SenTestingKit.framework; path = Library/Frameworks/SenTestingKit.framework; sourceTree = DEVELOPER_DIR; };
		24F6EC4F158A2BD200CEDD41 /* UIKit.framework */ = {isa = PBXFileReference; lastKnownFileType = wrapper.framework; name = UIKit.framework; path = Library/Frameworks/UIKit.framework; sourceTree = DEVELOPER_DIR; };
		24F6EC57158A2BD200CEDD41 /* DCTConnectionControllerTests-Info.plist */ = {isa = PBXFileReference; lastKnownFileType = text.plist.xml; path = "DCTConnectionControllerTests-Info.plist"; sourceTree = "<group>"; };
		24F6EC59158A2BD200CEDD41 /* en */ = {isa = PBXFileReference; lastKnownFileType = text.plist.strings; name = en; path = en.lproj/InfoPlist.strings; sourceTree = "<group>"; };
		24F6EC5B158A2BD200CEDD41 /* DCTConnectionControllerTests.h */ = {isa = PBXFileReference; lastKnownFileType = sourcecode.c.h; path = DCTConnectionControllerTests.h; sourceTree = "<group>"; };
		24F6EC5C158A2BD200CEDD41 /* DCTConnectionControllerTests.m */ = {isa = PBXFileReference; lastKnownFileType = sourcecode.c.objc; path = DCTConnectionControllerTests.m; sourceTree = "<group>"; };
		24F6EC67158A2C3000CEDD41 /* DCTConnectionController.h */ = {isa = PBXFileReference; fileEncoding = 4; lastKnownFileType = sourcecode.c.h; path = DCTConnectionController.h; sourceTree = "<group>"; };
		24F6EC68158A2C3000CEDD41 /* DCTConnectionController.m */ = {isa = PBXFileReference; fileEncoding = 4; lastKnownFileType = sourcecode.c.objc; path = DCTConnectionController.m; sourceTree = "<group>"; };
		24F6EC69158A2C3000CEDD41 /* DCTConnectionController+BlockHandlers.h */ = {isa = PBXFileReference; fileEncoding = 4; lastKnownFileType = sourcecode.c.h; path = "DCTConnectionController+BlockHandlers.h"; sourceTree = "<group>"; };
		24F6EC6A158A2C3000CEDD41 /* DCTConnectionController+BlockHandlers.m */ = {isa = PBXFileReference; fileEncoding = 4; lastKnownFileType = sourcecode.c.objc; path = "DCTConnectionController+BlockHandlers.m"; sourceTree = "<group>"; };
		24F6EC6B158A2C3000CEDD41 /* DCTConnectionController+Equality.h */ = {isa = PBXFileReference; fileEncoding = 4; lastKnownFileType = sourcecode.c.h; path = "DCTConnectionController+Equality.h"; sourceTree = "<group>"; };
		24F6EC6C158A2C3000CEDD41 /* DCTConnectionController+Equality.m */ = {isa = PBXFileReference; fileEncoding = 4; lastKnownFileType = sourcecode.c.objc; path = "DCTConnectionController+Equality.m"; sourceTree = "<group>"; };
		24F6EC6F158A2C3000CEDD41 /* DCTConnectionControllerDisplay.h */ = {isa = PBXFileReference; fileEncoding = 4; lastKnownFileType = sourcecode.c.h; path = DCTConnectionControllerDisplay.h; sourceTree = "<group>"; };
		24F6EC70158A2C3000CEDD41 /* DCTConnectionControllerDisplay.m */ = {isa = PBXFileReference; fileEncoding = 4; lastKnownFileType = sourcecode.c.objc; path = DCTConnectionControllerDisplay.m; sourceTree = "<group>"; };
		24F6EC73158A2C3000CEDD41 /* DCTConnectionQueue.h */ = {isa = PBXFileReference; fileEncoding = 4; lastKnownFileType = sourcecode.c.h; path = DCTConnectionQueue.h; sourceTree = "<group>"; };
		24F6EC74158A2C3000CEDD41 /* DCTConnectionQueue.m */ = {isa = PBXFileReference; fileEncoding = 4; lastKnownFileType = sourcecode.c.objc; path = DCTConnectionQueue.m; sourceTree = "<group>"; };
		24F6EC75158A2C3000CEDD41 /* DCTRESTConnectionController.h */ = {isa = PBXFileReference; fileEncoding = 4; lastKnownFileType = sourcecode.c.h; path = DCTRESTConnectionController.h; sourceTree = "<group>"; };
		24F6EC76158A2C3000CEDD41 /* DCTRESTConnectionController.m */ = {isa = PBXFileReference; fileEncoding = 4; lastKnownFileType = sourcecode.c.objc; path = DCTRESTConnectionController.m; sourceTree = "<group>"; };
		24F6EC77158A2C3000CEDD41 /* NSString+DCTURLEncoding.h */ = {isa = PBXFileReference; fileEncoding = 4; lastKnownFileType = sourcecode.c.h; path = "NSString+DCTURLEncoding.h"; sourceTree = "<group>"; };
		24F6EC78158A2C3000CEDD41 /* NSString+DCTURLEncoding.m */ = {isa = PBXFileReference; fileEncoding = 4; lastKnownFileType = sourcecode.c.objc; path = "NSString+DCTURLEncoding.m"; sourceTree = "<group>"; };
/* End PBXFileReference section */

/* Begin PBXFrameworksBuildPhase section */
		249D6E37159890F300FE9A23 /* Frameworks */ = {
			isa = PBXFrameworksBuildPhase;
			buildActionMask = 2147483647;
			files = (
				249D6E601598920700FE9A23 /* libDCTConnectionController.a in Frameworks */,
				249D6E3C159890F300FE9A23 /* UIKit.framework in Frameworks */,
				249D6E3D159890F300FE9A23 /* Foundation.framework in Frameworks */,
				249D6E3F159890F300FE9A23 /* CoreGraphics.framework in Frameworks */,
			);
			runOnlyForDeploymentPostprocessing = 0;
		};
		24BE260C15A7410100161A59 /* Frameworks */ = {
			isa = PBXFrameworksBuildPhase;
			buildActionMask = 2147483647;
			files = (
				24BE262C15A7410A00161A59 /* libDCTConnectionController.a in Frameworks */,
				24BE261215A7410100161A59 /* Cocoa.framework in Frameworks */,
			);
			runOnlyForDeploymentPostprocessing = 0;
		};
		24F6EC39158A2BD100CEDD41 /* Frameworks */ = {
			isa = PBXFrameworksBuildPhase;
			buildActionMask = 2147483647;
			files = (
				24F6EC40158A2BD100CEDD41 /* Foundation.framework in Frameworks */,
			);
			runOnlyForDeploymentPostprocessing = 0;
		};
		24F6EC48158A2BD200CEDD41 /* Frameworks */ = {
			isa = PBXFrameworksBuildPhase;
			buildActionMask = 2147483647;
			files = (
				24F6EC4E158A2BD200CEDD41 /* SenTestingKit.framework in Frameworks */,
				24F6EC50158A2BD200CEDD41 /* UIKit.framework in Frameworks */,
				24F6EC51158A2BD200CEDD41 /* Foundation.framework in Frameworks */,
				24F6EC54158A2BD200CEDD41 /* libDCTConnectionController.a in Frameworks */,
			);
			runOnlyForDeploymentPostprocessing = 0;
		};
/* End PBXFrameworksBuildPhase section */

/* Begin PBXGroup section */
		249D6E40159890F300FE9A23 /* DCTConnectionControllerDemo */ = {
			isa = PBXGroup;
			children = (
				249D6E49159890F300FE9A23 /* AppDelegate.h */,
				249D6E4A159890F300FE9A23 /* AppDelegate.m */,
				247CBC911598FD960006A011 /* ViewController.h */,
				247CBC921598FD960006A011 /* ViewController.m */,
				247CBC931598FD960006A011 /* ViewController.xib */,
				249D6E41159890F300FE9A23 /* Supporting Files */,
			);
			path = DCTConnectionControllerDemo;
			sourceTree = "<group>";
		};
		249D6E41159890F300FE9A23 /* Supporting Files */ = {
			isa = PBXGroup;
			children = (
				249D6E42159890F300FE9A23 /* DCTConnectionControllerDemo-Info.plist */,
				249D6E43159890F300FE9A23 /* InfoPlist.strings */,
				249D6E46159890F300FE9A23 /* main.m */,
				249D6E48159890F300FE9A23 /* DCTConnectionControllerDemo-Prefix.pch */,
			);
			name = "Supporting Files";
			sourceTree = "<group>";
		};
		24BE261315A7410100161A59 /* Other Frameworks */ = {
			isa = PBXGroup;
			children = (
				24BE261415A7410100161A59 /* AppKit.framework */,
				24BE261515A7410100161A59 /* CoreData.framework */,
				24BE261615A7410100161A59 /* Foundation.framework */,
			);
			name = "Other Frameworks";
			sourceTree = "<group>";
		};
		24BE261715A7410100161A59 /* Mac Demo */ = {
			isa = PBXGroup;
			children = (
				24BE262315A7410100161A59 /* AppDelegate.h */,
				24BE262415A7410100161A59 /* AppDelegate.m */,
				24BE262615A7410100161A59 /* MainMenu.xib */,
				24BE261815A7410100161A59 /* Supporting Files */,
			);
			path = "Mac Demo";
			sourceTree = "<group>";
		};
		24BE261815A7410100161A59 /* Supporting Files */ = {
			isa = PBXGroup;
			children = (
				24BE261915A7410100161A59 /* Mac Demo-Info.plist */,
				24BE261A15A7410100161A59 /* InfoPlist.strings */,
				24BE261D15A7410100161A59 /* main.m */,
				24BE261F15A7410100161A59 /* Mac Demo-Prefix.pch */,
				24BE262015A7410100161A59 /* Credits.rtf */,
			);
			name = "Supporting Files";
			sourceTree = "<group>";
		};
		24F6EC31158A2BD100CEDD41 = {
			isa = PBXGroup;
			children = (
				24F6EC41158A2BD100CEDD41 /* DCTConnectionController */,
				24F6EC55158A2BD200CEDD41 /* DCTConnectionControllerTests */,
				249D6E40159890F300FE9A23 /* DCTConnectionControllerDemo */,
				24BE261715A7410100161A59 /* Mac Demo */,
				24F6EC3E158A2BD100CEDD41 /* Frameworks */,
				24F6EC3D158A2BD100CEDD41 /* Products */,
			);
			sourceTree = "<group>";
		};
		24F6EC3D158A2BD100CEDD41 /* Products */ = {
			isa = PBXGroup;
			children = (
				24F6EC3C158A2BD100CEDD41 /* libDCTConnectionController.a */,
				24F6EC4C158A2BD200CEDD41 /* DCTConnectionControllerTests.octest */,
				249D6E3A159890F300FE9A23 /* DCTConnectionControllerDemo.app */,
				24BE260F15A7410100161A59 /* Mac Demo.app */,
			);
			name = Products;
			sourceTree = "<group>";
		};
		24F6EC3E158A2BD100CEDD41 /* Frameworks */ = {
			isa = PBXGroup;
			children = (
				24F6EC3F158A2BD100CEDD41 /* Foundation.framework */,
				24F6EC4D158A2BD200CEDD41 /* SenTestingKit.framework */,
				24F6EC4F158A2BD200CEDD41 /* UIKit.framework */,
				249D6E3E159890F300FE9A23 /* CoreGraphics.framework */,
				24BE261115A7410100161A59 /* Cocoa.framework */,
				24BE261315A7410100161A59 /* Other Frameworks */,
			);
			name = Frameworks;
			sourceTree = "<group>";
		};
		24F6EC41158A2BD100CEDD41 /* DCTConnectionController */ = {
			isa = PBXGroup;
			children = (
				24F6EC67158A2C3000CEDD41 /* DCTConnectionController.h */,
				24F6EC68158A2C3000CEDD41 /* DCTConnectionController.m */,
				24F6EC69158A2C3000CEDD41 /* DCTConnectionController+BlockHandlers.h */,
				24F6EC6A158A2C3000CEDD41 /* DCTConnectionController+BlockHandlers.m */,
				24F6EC6B158A2C3000CEDD41 /* DCTConnectionController+Equality.h */,
				24F6EC6C158A2C3000CEDD41 /* DCTConnectionController+Equality.m */,
				24F6EC6F158A2C3000CEDD41 /* DCTConnectionControllerDisplay.h */,
				24F6EC70158A2C3000CEDD41 /* DCTConnectionControllerDisplay.m */,
				24F6EC73158A2C3000CEDD41 /* DCTConnectionQueue.h */,
				24F6EC74158A2C3000CEDD41 /* DCTConnectionQueue.m */,
				24F6EC75158A2C3000CEDD41 /* DCTRESTConnectionController.h */,
				24F6EC76158A2C3000CEDD41 /* DCTRESTConnectionController.m */,
				24F6EC77158A2C3000CEDD41 /* NSString+DCTURLEncoding.h */,
				24F6EC78158A2C3000CEDD41 /* NSString+DCTURLEncoding.m */,
			);
			path = DCTConnectionController;
			sourceTree = "<group>";
		};
		24F6EC55158A2BD200CEDD41 /* DCTConnectionControllerTests */ = {
			isa = PBXGroup;
			children = (
				24F6EC5B158A2BD200CEDD41 /* DCTConnectionControllerTests.h */,
				24F6EC5C158A2BD200CEDD41 /* DCTConnectionControllerTests.m */,
				24F6EC56158A2BD200CEDD41 /* Supporting Files */,
			);
			path = DCTConnectionControllerTests;
			sourceTree = "<group>";
		};
		24F6EC56158A2BD200CEDD41 /* Supporting Files */ = {
			isa = PBXGroup;
			children = (
				24F6EC57158A2BD200CEDD41 /* DCTConnectionControllerTests-Info.plist */,
				24F6EC58158A2BD200CEDD41 /* InfoPlist.strings */,
			);
			name = "Supporting Files";
			sourceTree = "<group>";
		};
/* End PBXGroup section */

/* Begin PBXHeadersBuildPhase section */
		24F6EC3A158A2BD100CEDD41 /* Headers */ = {
			isa = PBXHeadersBuildPhase;
			buildActionMask = 2147483647;
			files = (
				24F6EC7A158A2C3000CEDD41 /* DCTConnectionController.h in Headers */,
				24F6EC7C158A2C3000CEDD41 /* DCTConnectionController+BlockHandlers.h in Headers */,
				24F6EC7E158A2C3000CEDD41 /* DCTConnectionController+Equality.h in Headers */,
				24F6EC82158A2C3000CEDD41 /* DCTConnectionControllerDisplay.h in Headers */,
				24F6EC86158A2C3000CEDD41 /* DCTConnectionQueue.h in Headers */,
				24F6EC88158A2C3000CEDD41 /* DCTRESTConnectionController.h in Headers */,
				24F6EC8A158A2C3000CEDD41 /* NSString+DCTURLEncoding.h in Headers */,
			);
			runOnlyForDeploymentPostprocessing = 0;
		};
/* End PBXHeadersBuildPhase section */

/* Begin PBXNativeTarget section */
		249D6E39159890F300FE9A23 /* DCTConnectionControllerDemo */ = {
			isa = PBXNativeTarget;
			buildConfigurationList = 249D6E4E159890F300FE9A23 /* Build configuration list for PBXNativeTarget "DCTConnectionControllerDemo" */;
			buildPhases = (
				249D6E36159890F300FE9A23 /* Sources */,
				249D6E37159890F300FE9A23 /* Frameworks */,
				249D6E38159890F300FE9A23 /* Resources */,
			);
			buildRules = (
			);
			dependencies = (
			);
			name = DCTConnectionControllerDemo;
			productName = DCTConnectionControllerDemo;
			productReference = 249D6E3A159890F300FE9A23 /* DCTConnectionControllerDemo.app */;
			productType = "com.apple.product-type.application";
		};
		24BE260E15A7410100161A59 /* Mac Demo */ = {
			isa = PBXNativeTarget;
			buildConfigurationList = 24BE262915A7410100161A59 /* Build configuration list for PBXNativeTarget "Mac Demo" */;
			buildPhases = (
				24BE260B15A7410100161A59 /* Sources */,
				24BE260C15A7410100161A59 /* Frameworks */,
				24BE260D15A7410100161A59 /* Resources */,
			);
			buildRules = (
			);
			dependencies = (
			);
			name = "Mac Demo";
			productName = "Mac Demo";
			productReference = 24BE260F15A7410100161A59 /* Mac Demo.app */;
			productType = "com.apple.product-type.application";
		};
		24F6EC3B158A2BD100CEDD41 /* DCTConnectionController */ = {
			isa = PBXNativeTarget;
			buildConfigurationList = 24F6EC60158A2BD200CEDD41 /* Build configuration list for PBXNativeTarget "DCTConnectionController" */;
			buildPhases = (
				24F6EC38158A2BD100CEDD41 /* Sources */,
				24F6EC39158A2BD100CEDD41 /* Frameworks */,
				24F6EC3A158A2BD100CEDD41 /* Headers */,
			);
			buildRules = (
			);
			dependencies = (
			);
			name = DCTConnectionController;
			productName = DCTConnectionController;
			productReference = 24F6EC3C158A2BD100CEDD41 /* libDCTConnectionController.a */;
			productType = "com.apple.product-type.library.static";
		};
		24F6EC4B158A2BD200CEDD41 /* DCTConnectionControllerTests */ = {
			isa = PBXNativeTarget;
			buildConfigurationList = 24F6EC63158A2BD200CEDD41 /* Build configuration list for PBXNativeTarget "DCTConnectionControllerTests" */;
			buildPhases = (
				24F6EC47158A2BD200CEDD41 /* Sources */,
				24F6EC48158A2BD200CEDD41 /* Frameworks */,
				24F6EC49158A2BD200CEDD41 /* Resources */,
				24F6EC4A158A2BD200CEDD41 /* ShellScript */,
			);
			buildRules = (
			);
			dependencies = (
				24F6EC53158A2BD200CEDD41 /* PBXTargetDependency */,
			);
			name = DCTConnectionControllerTests;
			productName = DCTConnectionControllerTests;
			productReference = 24F6EC4C158A2BD200CEDD41 /* DCTConnectionControllerTests.octest */;
			productType = "com.apple.product-type.bundle";
		};
/* End PBXNativeTarget section */

/* Begin PBXProject section */
		24F6EC33158A2BD100CEDD41 /* Project object */ = {
			isa = PBXProject;
			attributes = {
				LastUpgradeCheck = 0440;
				ORGANIZATIONNAME = "Daniel Tull";
			};
			buildConfigurationList = 24F6EC36158A2BD100CEDD41 /* Build configuration list for PBXProject "DCTConnectionController" */;
			compatibilityVersion = "Xcode 3.2";
			developmentRegion = English;
			hasScannedForEncodings = 0;
			knownRegions = (
				en,
			);
			mainGroup = 24F6EC31158A2BD100CEDD41;
			productRefGroup = 24F6EC3D158A2BD100CEDD41 /* Products */;
			projectDirPath = "";
			projectRoot = "";
			targets = (
				24F6EC3B158A2BD100CEDD41 /* DCTConnectionController */,
				24F6EC4B158A2BD200CEDD41 /* DCTConnectionControllerTests */,
				249D6E39159890F300FE9A23 /* DCTConnectionControllerDemo */,
				24BE260E15A7410100161A59 /* Mac Demo */,
			);
		};
/* End PBXProject section */

/* Begin PBXResourcesBuildPhase section */
		249D6E38159890F300FE9A23 /* Resources */ = {
			isa = PBXResourcesBuildPhase;
			buildActionMask = 2147483647;
			files = (
				249D6E45159890F300FE9A23 /* InfoPlist.strings in Resources */,
				247CBC951598FD960006A011 /* ViewController.xib in Resources */,
			);
			runOnlyForDeploymentPostprocessing = 0;
		};
		24BE260D15A7410100161A59 /* Resources */ = {
			isa = PBXResourcesBuildPhase;
			buildActionMask = 2147483647;
			files = (
				24BE261C15A7410100161A59 /* InfoPlist.strings in Resources */,
				24BE262215A7410100161A59 /* Credits.rtf in Resources */,
				24BE262815A7410100161A59 /* MainMenu.xib in Resources */,
			);
			runOnlyForDeploymentPostprocessing = 0;
		};
		24F6EC49158A2BD200CEDD41 /* Resources */ = {
			isa = PBXResourcesBuildPhase;
			buildActionMask = 2147483647;
			files = (
				24F6EC5A158A2BD200CEDD41 /* InfoPlist.strings in Resources */,
			);
			runOnlyForDeploymentPostprocessing = 0;
		};
/* End PBXResourcesBuildPhase section */

/* Begin PBXShellScriptBuildPhase section */
		24F6EC4A158A2BD200CEDD41 /* ShellScript */ = {
			isa = PBXShellScriptBuildPhase;
			buildActionMask = 2147483647;
			files = (
			);
			inputPaths = (
			);
			outputPaths = (
			);
			runOnlyForDeploymentPostprocessing = 0;
			shellPath = /bin/sh;
			shellScript = "# Run the unit tests in this test bundle.\n\"${SYSTEM_DEVELOPER_DIR}/Tools/RunUnitTests\"\n";
		};
/* End PBXShellScriptBuildPhase section */

/* Begin PBXSourcesBuildPhase section */
		249D6E36159890F300FE9A23 /* Sources */ = {
			isa = PBXSourcesBuildPhase;
			buildActionMask = 2147483647;
			files = (
				249D6E47159890F300FE9A23 /* main.m in Sources */,
				249D6E4B159890F300FE9A23 /* AppDelegate.m in Sources */,
				247CBC941598FD960006A011 /* ViewController.m in Sources */,
			);
			runOnlyForDeploymentPostprocessing = 0;
		};
		24BE260B15A7410100161A59 /* Sources */ = {
			isa = PBXSourcesBuildPhase;
			buildActionMask = 2147483647;
			files = (
				24BE261E15A7410100161A59 /* main.m in Sources */,
				24BE262515A7410100161A59 /* AppDelegate.m in Sources */,
			);
			runOnlyForDeploymentPostprocessing = 0;
		};
		24F6EC38158A2BD100CEDD41 /* Sources */ = {
			isa = PBXSourcesBuildPhase;
			buildActionMask = 2147483647;
			files = (
				24F6EC7B158A2C3000CEDD41 /* DCTConnectionController.m in Sources */,
				24F6EC7D158A2C3000CEDD41 /* DCTConnectionController+BlockHandlers.m in Sources */,
				24F6EC7F158A2C3000CEDD41 /* DCTConnectionController+Equality.m in Sources */,
				24F6EC83158A2C3000CEDD41 /* DCTConnectionControllerDisplay.m in Sources */,
				24F6EC87158A2C3000CEDD41 /* DCTConnectionQueue.m in Sources */,
				24F6EC89158A2C3000CEDD41 /* DCTRESTConnectionController.m in Sources */,
				24F6EC8B158A2C3000CEDD41 /* NSString+DCTURLEncoding.m in Sources */,
			);
			runOnlyForDeploymentPostprocessing = 0;
		};
		24F6EC47158A2BD200CEDD41 /* Sources */ = {
			isa = PBXSourcesBuildPhase;
			buildActionMask = 2147483647;
			files = (
				24F6EC5D158A2BD200CEDD41 /* DCTConnectionControllerTests.m in Sources */,
			);
			runOnlyForDeploymentPostprocessing = 0;
		};
/* End PBXSourcesBuildPhase section */

/* Begin PBXTargetDependency section */
		24F6EC53158A2BD200CEDD41 /* PBXTargetDependency */ = {
			isa = PBXTargetDependency;
			target = 24F6EC3B158A2BD100CEDD41 /* DCTConnectionController */;
			targetProxy = 24F6EC52158A2BD200CEDD41 /* PBXContainerItemProxy */;
		};
/* End PBXTargetDependency section */

/* Begin PBXVariantGroup section */
		249D6E43159890F300FE9A23 /* InfoPlist.strings */ = {
			isa = PBXVariantGroup;
			children = (
				249D6E44159890F300FE9A23 /* en */,
			);
			name = InfoPlist.strings;
			sourceTree = "<group>";
		};
		24BE261A15A7410100161A59 /* InfoPlist.strings */ = {
			isa = PBXVariantGroup;
			children = (
				24BE261B15A7410100161A59 /* en */,
			);
			name = InfoPlist.strings;
			sourceTree = "<group>";
		};
		24BE262015A7410100161A59 /* Credits.rtf */ = {
			isa = PBXVariantGroup;
			children = (
				24BE262115A7410100161A59 /* en */,
			);
			name = Credits.rtf;
			sourceTree = "<group>";
		};
		24BE262615A7410100161A59 /* MainMenu.xib */ = {
			isa = PBXVariantGroup;
			children = (
				24BE262715A7410100161A59 /* en */,
			);
			name = MainMenu.xib;
			sourceTree = "<group>";
		};
		24F6EC58158A2BD200CEDD41 /* InfoPlist.strings */ = {
			isa = PBXVariantGroup;
			children = (
				24F6EC59158A2BD200CEDD41 /* en */,
			);
			name = InfoPlist.strings;
			sourceTree = "<group>";
		};
/* End PBXVariantGroup section */

/* Begin XCBuildConfiguration section */
		249D6E4C159890F300FE9A23 /* Debug */ = {
			isa = XCBuildConfiguration;
			buildSettings = {
				"CODE_SIGN_IDENTITY[sdk=iphoneos*]" = "iPhone Developer";
				FRAMEWORK_SEARCH_PATHS = (
					"$(inherited)",
					"\"$(SYSTEM_APPS_DIR)/Xcode45-DP1.app/Contents/Developer/Library/Frameworks\"",
				);
				GCC_PRECOMPILE_PREFIX_HEADER = YES;
				GCC_PREFIX_HEADER = "DCTConnectionControllerDemo/DCTConnectionControllerDemo-Prefix.pch";
				INFOPLIST_FILE = "DCTConnectionControllerDemo/DCTConnectionControllerDemo-Info.plist";
				IPHONEOS_DEPLOYMENT_TARGET = 5.0;
				OTHER_LDFLAGS = (
					"-all_load",
					"-ObjC",
				);
				PRODUCT_NAME = "$(TARGET_NAME)";
				WRAPPER_EXTENSION = app;
			};
			name = Debug;
		};
		249D6E4D159890F300FE9A23 /* Release */ = {
			isa = XCBuildConfiguration;
			buildSettings = {
				"CODE_SIGN_IDENTITY[sdk=iphoneos*]" = "iPhone Developer";
				FRAMEWORK_SEARCH_PATHS = (
					"$(inherited)",
					"\"$(SYSTEM_APPS_DIR)/Xcode45-DP1.app/Contents/Developer/Library/Frameworks\"",
				);
				GCC_PRECOMPILE_PREFIX_HEADER = YES;
				GCC_PREFIX_HEADER = "DCTConnectionControllerDemo/DCTConnectionControllerDemo-Prefix.pch";
				INFOPLIST_FILE = "DCTConnectionControllerDemo/DCTConnectionControllerDemo-Info.plist";
				IPHONEOS_DEPLOYMENT_TARGET = 5.0;
				OTHER_CFLAGS = "-DNS_BLOCK_ASSERTIONS=1";
				OTHER_LDFLAGS = (
					"-all_load",
					"-ObjC",
				);
				PRODUCT_NAME = "$(TARGET_NAME)";
				WRAPPER_EXTENSION = app;
			};
			name = Release;
		};
		24BE262A15A7410100161A59 /* Debug */ = {
			isa = XCBuildConfiguration;
			buildSettings = {
				ARCHS = "$(ARCHS_STANDARD_64_BIT)";
				COMBINE_HIDPI_IMAGES = YES;
				FRAMEWORK_SEARCH_PATHS = (
					"$(inherited)",
					"\"$(SYSTEM_APPS_DIR)/Xcode45-DP2.app/Contents/Developer/Library/Frameworks\"",
				);
				GCC_ENABLE_OBJC_EXCEPTIONS = YES;
				GCC_PRECOMPILE_PREFIX_HEADER = YES;
				GCC_PREFIX_HEADER = "Mac Demo/Mac Demo-Prefix.pch";
				GCC_WARN_64_TO_32_BIT_CONVERSION = YES;
				INFOPLIST_FILE = "Mac Demo/Mac Demo-Info.plist";
				MACOSX_DEPLOYMENT_TARGET = 10.7;
				ONLY_ACTIVE_ARCH = YES;
				OTHER_LDFLAGS = (
					"-all_load",
					"-ObjC",
				);
				PRODUCT_NAME = "$(TARGET_NAME)";
				SDKROOT = macosx;
				WRAPPER_EXTENSION = app;
			};
			name = Debug;
		};
		24BE262B15A7410100161A59 /* Release */ = {
			isa = XCBuildConfiguration;
			buildSettings = {
				ARCHS = "$(ARCHS_STANDARD_64_BIT)";
				COMBINE_HIDPI_IMAGES = YES;
				DEBUG_INFORMATION_FORMAT = "dwarf-with-dsym";
				FRAMEWORK_SEARCH_PATHS = (
					"$(inherited)",
					"\"$(SYSTEM_APPS_DIR)/Xcode45-DP2.app/Contents/Developer/Library/Frameworks\"",
				);
				GCC_ENABLE_OBJC_EXCEPTIONS = YES;
				GCC_PRECOMPILE_PREFIX_HEADER = YES;
				GCC_PREFIX_HEADER = "Mac Demo/Mac Demo-Prefix.pch";
				GCC_WARN_64_TO_32_BIT_CONVERSION = YES;
				INFOPLIST_FILE = "Mac Demo/Mac Demo-Info.plist";
				MACOSX_DEPLOYMENT_TARGET = 10.7;
				OTHER_LDFLAGS = (
					"-all_load",
					"-ObjC",
				);
				PRODUCT_NAME = "$(TARGET_NAME)";
				SDKROOT = macosx;
				WRAPPER_EXTENSION = app;
			};
			name = Release;
		};
		24F6EC5E158A2BD200CEDD41 /* Debug */ = {
			isa = XCBuildConfiguration;
			buildSettings = {
				ALWAYS_SEARCH_USER_PATHS = NO;
				ARCHS = "$(ARCHS_STANDARD_32_BIT)";
				CLANG_CXX_LANGUAGE_STANDARD = "gnu++0x";
				CLANG_ENABLE_OBJC_ARC = YES;
				CLANG_WARN__DUPLICATE_METHOD_MATCH = YES;
				COPY_PHASE_STRIP = NO;
				GCC_C_LANGUAGE_STANDARD = gnu99;
				GCC_DYNAMIC_NO_PIC = NO;
				GCC_OPTIMIZATION_LEVEL = 0;
				GCC_PREPROCESSOR_DEFINITIONS = (
					"DEBUG=1",
					"$(inherited)",
				);
				GCC_SYMBOLS_PRIVATE_EXTERN = NO;
				GCC_VERSION = com.apple.compilers.llvm.clang.1_0;
				GCC_WARN_ABOUT_RETURN_TYPE = YES;
				GCC_WARN_UNINITIALIZED_AUTOS = YES;
				GCC_WARN_UNUSED_VARIABLE = YES;
				IPHONEOS_DEPLOYMENT_TARGET = 5.1;
				SDKROOT = iphoneos;
			};
			name = Debug;
		};
		24F6EC5F158A2BD200CEDD41 /* Release */ = {
			isa = XCBuildConfiguration;
			buildSettings = {
				ALWAYS_SEARCH_USER_PATHS = NO;
				ARCHS = "$(ARCHS_STANDARD_32_BIT)";
				CLANG_CXX_LANGUAGE_STANDARD = "gnu++0x";
				CLANG_ENABLE_OBJC_ARC = YES;
				CLANG_WARN__DUPLICATE_METHOD_MATCH = YES;
				COPY_PHASE_STRIP = YES;
				GCC_C_LANGUAGE_STANDARD = gnu99;
				GCC_VERSION = com.apple.compilers.llvm.clang.1_0;
				GCC_WARN_ABOUT_RETURN_TYPE = YES;
				GCC_WARN_UNINITIALIZED_AUTOS = YES;
				GCC_WARN_UNUSED_VARIABLE = YES;
				IPHONEOS_DEPLOYMENT_TARGET = 5.1;
				SDKROOT = iphoneos;
				VALIDATE_PRODUCT = YES;
			};
			name = Release;
		};
		24F6EC61158A2BD200CEDD41 /* Debug */ = {
			isa = XCBuildConfiguration;
			buildSettings = {
				DSTROOT = /tmp/DCTConnectionController.dst;
				GCC_PRECOMPILE_PREFIX_HEADER = YES;
				GCC_PREFIX_HEADER = "";
				IPHONEOS_DEPLOYMENT_TARGET = 5.0;
				ONLY_ACTIVE_ARCH = NO;
				OTHER_LDFLAGS = "-ObjC";
				PRODUCT_NAME = "$(TARGET_NAME)";
				PUBLIC_HEADERS_FOLDER_PATH = "include/$(TARGET_NAME)";
				SDKROOT = macosx;
				SKIP_INSTALL = YES;
				SUPPORTED_PLATFORMS = "iphonesimulator iphoneos macosx";
				VALID_ARCHS = "";
				"VALID_ARCHS[sdk=iphoneos*]" = "armv7 armv6";
				"VALID_ARCHS[sdk=macosx*]" = "i386 x86_64";
			};
			name = Debug;
		};
		24F6EC62158A2BD200CEDD41 /* Release */ = {
			isa = XCBuildConfiguration;
			buildSettings = {
				DSTROOT = /tmp/DCTConnectionController.dst;
				GCC_PRECOMPILE_PREFIX_HEADER = YES;
				GCC_PREFIX_HEADER = "";
				IPHONEOS_DEPLOYMENT_TARGET = 5.0;
				ONLY_ACTIVE_ARCH = NO;
				OTHER_LDFLAGS = "-ObjC";
				PRODUCT_NAME = "$(TARGET_NAME)";
				PUBLIC_HEADERS_FOLDER_PATH = "include/$(TARGET_NAME)";
				SDKROOT = macosx;
				SKIP_INSTALL = YES;
				SUPPORTED_PLATFORMS = "iphonesimulator iphoneos macosx";
				VALID_ARCHS = "i386 x86_64 armv7 armv6";
				"VALID_ARCHS[sdk=iphoneos*]" = "armv7 armv6";
				"VALID_ARCHS[sdk=macosx*]" = "i386 x86_64";
			};
			name = Release;
		};
		24F6EC64158A2BD200CEDD41 /* Debug */ = {
			isa = XCBuildConfiguration;
			buildSettings = {
				FRAMEWORK_SEARCH_PATHS = (
					"\"$(SDKROOT)/Developer/Library/Frameworks\"",
					"\"$(DEVELOPER_LIBRARY_DIR)/Frameworks\"",
				);
				GCC_PRECOMPILE_PREFIX_HEADER = YES;
				GCC_PREFIX_HEADER = "DCTConnectionController/DCTConnectionController-Prefix.pch";
				INFOPLIST_FILE = "DCTConnectionControllerTests/DCTConnectionControllerTests-Info.plist";
				PRODUCT_NAME = "$(TARGET_NAME)";
				WRAPPER_EXTENSION = octest;
			};
			name = Debug;
		};
		24F6EC65158A2BD200CEDD41 /* Release */ = {
			isa = XCBuildConfiguration;
			buildSettings = {
				FRAMEWORK_SEARCH_PATHS = (
					"\"$(SDKROOT)/Developer/Library/Frameworks\"",
					"\"$(DEVELOPER_LIBRARY_DIR)/Frameworks\"",
				);
				GCC_PRECOMPILE_PREFIX_HEADER = YES;
				GCC_PREFIX_HEADER = "DCTConnectionController/DCTConnectionController-Prefix.pch";
				INFOPLIST_FILE = "DCTConnectionControllerTests/DCTConnectionControllerTests-Info.plist";
				PRODUCT_NAME = "$(TARGET_NAME)";
				WRAPPER_EXTENSION = octest;
			};
			name = Release;
		};
/* End XCBuildConfiguration section */

/* Begin XCConfigurationList section */
		249D6E4E159890F300FE9A23 /* Build configuration list for PBXNativeTarget "DCTConnectionControllerDemo" */ = {
			isa = XCConfigurationList;
			buildConfigurations = (
				249D6E4C159890F300FE9A23 /* Debug */,
				249D6E4D159890F300FE9A23 /* Release */,
			);
			defaultConfigurationIsVisible = 0;
			defaultConfigurationName = Release;
		};
		24BE262915A7410100161A59 /* Build configuration list for PBXNativeTarget "Mac Demo" */ = {
			isa = XCConfigurationList;
			buildConfigurations = (
				24BE262A15A7410100161A59 /* Debug */,
				24BE262B15A7410100161A59 /* Release */,
			);
			defaultConfigurationIsVisible = 0;
			defaultConfigurationName = Release;
		};
		24F6EC36158A2BD100CEDD41 /* Build configuration list for PBXProject "DCTConnectionController" */ = {
			isa = XCConfigurationList;
			buildConfigurations = (
				24F6EC5E158A2BD200CEDD41 /* Debug */,
				24F6EC5F158A2BD200CEDD41 /* Release */,
			);
			defaultConfigurationIsVisible = 0;
			defaultConfigurationName = Release;
		};
		24F6EC60158A2BD200CEDD41 /* Build configuration list for PBXNativeTarget "DCTConnectionController" */ = {
			isa = XCConfigurationList;
			buildConfigurations = (
				24F6EC61158A2BD200CEDD41 /* Debug */,
				24F6EC62158A2BD200CEDD41 /* Release */,
			);
			defaultConfigurationIsVisible = 0;
			defaultConfigurationName = Release;
		};
		24F6EC63158A2BD200CEDD41 /* Build configuration list for PBXNativeTarget "DCTConnectionControllerTests" */ = {
			isa = XCConfigurationList;
			buildConfigurations = (
				24F6EC64158A2BD200CEDD41 /* Debug */,
				24F6EC65158A2BD200CEDD41 /* Release */,
			);
			defaultConfigurationIsVisible = 0;
			defaultConfigurationName = Release;
		};
/* End XCConfigurationList section */
	};
	rootObject = 24F6EC33158A2BD100CEDD41 /* Project object */;
}
