// !$*UTF8*$!
{
	archiveVersion = 1;
	classes = {
	};
	objectVersion = 46;
	objects = {

/* Begin PBXBuildFile section */
		246F8CAB146831F300F2FB74 /* UIKit.framework in Frameworks */ = {isa = PBXBuildFile; fileRef = 246F8CAA146831F300F2FB74 /* UIKit.framework */; };
		246F8CAD146831F300F2FB74 /* Foundation.framework in Frameworks */ = {isa = PBXBuildFile; fileRef = 246F8CAC146831F300F2FB74 /* Foundation.framework */; };
		246F8CAF146831F300F2FB74 /* CoreGraphics.framework in Frameworks */ = {isa = PBXBuildFile; fileRef = 246F8CAE146831F300F2FB74 /* CoreGraphics.framework */; };
		246F8CB7146831F400F2FB74 /* main.m in Sources */ = {isa = PBXBuildFile; fileRef = 246F8CB6146831F400F2FB74 /* main.m */; };
		246F8CBB146831F400F2FB74 /* DCTConnectionControllerDemoAppDelegate.m in Sources */ = {isa = PBXBuildFile; fileRef = 246F8CBA146831F400F2FB74 /* DCTConnectionControllerDemoAppDelegate.m */; };
		246F8CC9146831F400F2FB74 /* SenTestingKit.framework in Frameworks */ = {isa = PBXBuildFile; fileRef = 246F8CC8146831F400F2FB74 /* SenTestingKit.framework */; };
		246F8CCA146831F400F2FB74 /* UIKit.framework in Frameworks */ = {isa = PBXBuildFile; fileRef = 246F8CAA146831F300F2FB74 /* UIKit.framework */; };
		246F8CCB146831F400F2FB74 /* Foundation.framework in Frameworks */ = {isa = PBXBuildFile; fileRef = 246F8CAC146831F300F2FB74 /* Foundation.framework */; };
		246F8CF31468337600F2FB74 /* DCTConnectionControllerDemoViewController.xib in Resources */ = {isa = PBXBuildFile; fileRef = 246F8CF01468337600F2FB74 /* DCTConnectionControllerDemoViewController.xib */; };
		246F8CF41468337600F2FB74 /* DCTConnectionControllerDemoViewController.m in Sources */ = {isa = PBXBuildFile; fileRef = 246F8CF21468337600F2FB74 /* DCTConnectionControllerDemoViewController.m */; };
		246F8D58146834D800F2FB74 /* DCTConnectionControllerTests-Info.plist in Resources */ = {isa = PBXBuildFile; fileRef = 246F8D4F146834D800F2FB74 /* DCTConnectionControllerTests-Info.plist */; };
		246F8D59146834D800F2FB74 /* DCTConnectionControllerTests.m in Sources */ = {isa = PBXBuildFile; fileRef = 246F8D51146834D800F2FB74 /* DCTConnectionControllerTests.m */; };
		246F8D5A146834D800F2FB74 /* DCTConnectionQueue+DCTInternalAccess.m in Sources */ = {isa = PBXBuildFile; fileRef = 246F8D53146834D800F2FB74 /* DCTConnectionQueue+DCTInternalAccess.m */; };
		246F8D5B146834D800F2FB74 /* DCTConnectionQueueTests.m in Sources */ = {isa = PBXBuildFile; fileRef = 246F8D55146834D800F2FB74 /* DCTConnectionQueueTests.m */; };
		246F8D5C146834D800F2FB74 /* DCTMockConnectionController.m in Sources */ = {isa = PBXBuildFile; fileRef = 246F8D57146834D800F2FB74 /* DCTMockConnectionController.m */; };
		24992EE61476BC5900AB4AF8 /* DCTConnectionController+Equality.m in Sources */ = {isa = PBXBuildFile; fileRef = 24992ED61476BC5900AB4AF8 /* DCTConnectionController+Equality.m */; };
		24992EE71476BC5900AB4AF8 /* DCTConnectionController+UsefulChecks.m in Sources */ = {isa = PBXBuildFile; fileRef = 24992ED81476BC5900AB4AF8 /* DCTConnectionController+UsefulChecks.m */; };
		24992EE81476BC5900AB4AF8 /* DCTConnectionController.m in Sources */ = {isa = PBXBuildFile; fileRef = 24992EDA1476BC5900AB4AF8 /* DCTConnectionController.m */; };
		24992EE91476BC5900AB4AF8 /* DCTConnectionControllerDisplay.m in Sources */ = {isa = PBXBuildFile; fileRef = 24992EDC1476BC5900AB4AF8 /* DCTConnectionControllerDisplay.m */; };
		24992EEA1476BC5900AB4AF8 /* DCTConnectionQueue+Singleton.m in Sources */ = {isa = PBXBuildFile; fileRef = 24992EDE1476BC5900AB4AF8 /* DCTConnectionQueue+Singleton.m */; };
		24992EEB1476BC5900AB4AF8 /* DCTConnectionQueue.m in Sources */ = {isa = PBXBuildFile; fileRef = 24992EE01476BC5900AB4AF8 /* DCTConnectionQueue.m */; };
		24992EEC1476BC5900AB4AF8 /* DCTRESTConnectionController.m in Sources */ = {isa = PBXBuildFile; fileRef = 24992EE21476BC5900AB4AF8 /* DCTRESTConnectionController.m */; };
		24992EED1476BC5900AB4AF8 /* NSString+DCTURLEncoding.m in Sources */ = {isa = PBXBuildFile; fileRef = 24992EE41476BC5900AB4AF8 /* NSString+DCTURLEncoding.m */; };
		24D482DA146AB6D0008AB3B6 /* DCTQueue.m in Sources */ = {isa = PBXBuildFile; fileRef = 24D482C7146AB6D0008AB3B6 /* DCTQueue.m */; };
		24D482DB146AB6D0008AB3B6 /* DCTStack.m in Sources */ = {isa = PBXBuildFile; fileRef = 24D482C9146AB6D0008AB3B6 /* DCTStack.m */; };
		24D482DC146AB6D0008AB3B6 /* NSArray+DCTExtras.m in Sources */ = {isa = PBXBuildFile; fileRef = 24D482CB146AB6D0008AB3B6 /* NSArray+DCTExtras.m */; };
		24D482DD146AB6D0008AB3B6 /* NSDate+DCTDateComponents.m in Sources */ = {isa = PBXBuildFile; fileRef = 24D482CD146AB6D0008AB3B6 /* NSDate+DCTDateComponents.m */; };
		24D482DE146AB6D0008AB3B6 /* NSDictionary+DCTExtras.m in Sources */ = {isa = PBXBuildFile; fileRef = 24D482CF146AB6D0008AB3B6 /* NSDictionary+DCTExtras.m */; };
		24D482DF146AB6D0008AB3B6 /* NSError+DCTExtensions.m in Sources */ = {isa = PBXBuildFile; fileRef = 24D482D1146AB6D0008AB3B6 /* NSError+DCTExtensions.m */; };
		24D482E0146AB6D0008AB3B6 /* NSJSONSerialization+DCTBlocks.m in Sources */ = {isa = PBXBuildFile; fileRef = 24D482D3146AB6D0008AB3B6 /* NSJSONSerialization+DCTBlocks.m */; };
		24D482E1146AB6D0008AB3B6 /* NSMutableArray+DCTExtras.m in Sources */ = {isa = PBXBuildFile; fileRef = 24D482D5146AB6D0008AB3B6 /* NSMutableArray+DCTExtras.m */; };
		24D482E2146AB6D0008AB3B6 /* NSMutableSet+DCTExtras.m in Sources */ = {isa = PBXBuildFile; fileRef = 24D482D7146AB6D0008AB3B6 /* NSMutableSet+DCTExtras.m */; };
		24D482E3146AB6D0008AB3B6 /* NSObject+DCTKVOExtras.m in Sources */ = {isa = PBXBuildFile; fileRef = 24D482D9146AB6D0008AB3B6 /* NSObject+DCTKVOExtras.m */; };
		24D483BF146B005C008AB3B6 /* DCTNetworkActivityIndicatorController.m in Sources */ = {isa = PBXBuildFile; fileRef = 24D483B6146B005C008AB3B6 /* DCTNetworkActivityIndicatorController.m */; };
/* End PBXBuildFile section */

/* Begin PBXContainerItemProxy section */
		246F8CCC146831F400F2FB74 /* PBXContainerItemProxy */ = {
			isa = PBXContainerItemProxy;
			containerPortal = 246F8C9D146831F300F2FB74 /* Project object */;
			proxyType = 1;
			remoteGlobalIDString = 246F8CA5146831F300F2FB74;
			remoteInfo = DCTConnectionController;
		};
/* End PBXContainerItemProxy section */

/* Begin PBXFileReference section */
		246F8CA6146831F300F2FB74 /* DCTConnectionController.app */ = {isa = PBXFileReference; explicitFileType = wrapper.application; includeInIndex = 0; path = DCTConnectionController.app; sourceTree = BUILT_PRODUCTS_DIR; };
		246F8CAA146831F300F2FB74 /* UIKit.framework */ = {isa = PBXFileReference; lastKnownFileType = wrapper.framework; name = UIKit.framework; path = System/Library/Frameworks/UIKit.framework; sourceTree = SDKROOT; };
		246F8CAC146831F300F2FB74 /* Foundation.framework */ = {isa = PBXFileReference; lastKnownFileType = wrapper.framework; name = Foundation.framework; path = System/Library/Frameworks/Foundation.framework; sourceTree = SDKROOT; };
		246F8CAE146831F300F2FB74 /* CoreGraphics.framework */ = {isa = PBXFileReference; lastKnownFileType = wrapper.framework; name = CoreGraphics.framework; path = System/Library/Frameworks/CoreGraphics.framework; sourceTree = SDKROOT; };
		246F8CB2146831F400F2FB74 /* DCTConnectionController-Info.plist */ = {isa = PBXFileReference; lastKnownFileType = text.plist.xml; path = "DCTConnectionController-Info.plist"; sourceTree = "<group>"; };
		246F8CB6146831F400F2FB74 /* main.m */ = {isa = PBXFileReference; lastKnownFileType = sourcecode.c.objc; path = main.m; sourceTree = "<group>"; };
		246F8CB8146831F400F2FB74 /* DCTConnectionController-Prefix.pch */ = {isa = PBXFileReference; lastKnownFileType = sourcecode.c.h; path = "DCTConnectionController-Prefix.pch"; sourceTree = "<group>"; };
		246F8CB9146831F400F2FB74 /* DCTConnectionControllerDemoAppDelegate.h */ = {isa = PBXFileReference; lastKnownFileType = sourcecode.c.h; path = DCTConnectionControllerDemoAppDelegate.h; sourceTree = "<group>"; };
		246F8CBA146831F400F2FB74 /* DCTConnectionControllerDemoAppDelegate.m */ = {isa = PBXFileReference; lastKnownFileType = sourcecode.c.objc; path = DCTConnectionControllerDemoAppDelegate.m; sourceTree = "<group>"; };
		246F8CC7146831F400F2FB74 /* DCTConnectionControllerTests.octest */ = {isa = PBXFileReference; explicitFileType = wrapper.cfbundle; includeInIndex = 0; path = DCTConnectionControllerTests.octest; sourceTree = BUILT_PRODUCTS_DIR; };
		246F8CC8146831F400F2FB74 /* SenTestingKit.framework */ = {isa = PBXFileReference; lastKnownFileType = wrapper.framework; name = SenTestingKit.framework; path = Library/Frameworks/SenTestingKit.framework; sourceTree = DEVELOPER_DIR; };
		246F8CF01468337600F2FB74 /* DCTConnectionControllerDemoViewController.xib */ = {isa = PBXFileReference; fileEncoding = 4; lastKnownFileType = file.xib; path = DCTConnectionControllerDemoViewController.xib; sourceTree = "<group>"; };
		246F8CF11468337600F2FB74 /* DCTConnectionControllerDemoViewController.h */ = {isa = PBXFileReference; fileEncoding = 4; lastKnownFileType = sourcecode.c.h; path = DCTConnectionControllerDemoViewController.h; sourceTree = "<group>"; };
		246F8CF21468337600F2FB74 /* DCTConnectionControllerDemoViewController.m */ = {isa = PBXFileReference; fileEncoding = 4; lastKnownFileType = sourcecode.c.objc; path = DCTConnectionControllerDemoViewController.m; sourceTree = "<group>"; };
		246F8D4F146834D800F2FB74 /* DCTConnectionControllerTests-Info.plist */ = {isa = PBXFileReference; fileEncoding = 4; lastKnownFileType = text.plist.xml; path = "DCTConnectionControllerTests-Info.plist"; sourceTree = "<group>"; };
		246F8D50146834D800F2FB74 /* DCTConnectionControllerTests.h */ = {isa = PBXFileReference; fileEncoding = 4; lastKnownFileType = sourcecode.c.h; path = DCTConnectionControllerTests.h; sourceTree = "<group>"; };
		246F8D51146834D800F2FB74 /* DCTConnectionControllerTests.m */ = {isa = PBXFileReference; fileEncoding = 4; lastKnownFileType = sourcecode.c.objc; path = DCTConnectionControllerTests.m; sourceTree = "<group>"; };
		246F8D52146834D800F2FB74 /* DCTConnectionQueue+DCTInternalAccess.h */ = {isa = PBXFileReference; fileEncoding = 4; lastKnownFileType = sourcecode.c.h; path = "DCTConnectionQueue+DCTInternalAccess.h"; sourceTree = "<group>"; };
		246F8D53146834D800F2FB74 /* DCTConnectionQueue+DCTInternalAccess.m */ = {isa = PBXFileReference; fileEncoding = 4; lastKnownFileType = sourcecode.c.objc; path = "DCTConnectionQueue+DCTInternalAccess.m"; sourceTree = "<group>"; };
		246F8D54146834D800F2FB74 /* DCTConnectionQueueTests.h */ = {isa = PBXFileReference; fileEncoding = 4; lastKnownFileType = sourcecode.c.h; path = DCTConnectionQueueTests.h; sourceTree = "<group>"; };
		246F8D55146834D800F2FB74 /* DCTConnectionQueueTests.m */ = {isa = PBXFileReference; fileEncoding = 4; lastKnownFileType = sourcecode.c.objc; path = DCTConnectionQueueTests.m; sourceTree = "<group>"; };
		246F8D56146834D800F2FB74 /* DCTMockConnectionController.h */ = {isa = PBXFileReference; fileEncoding = 4; lastKnownFileType = sourcecode.c.h; path = DCTMockConnectionController.h; sourceTree = "<group>"; };
		246F8D57146834D800F2FB74 /* DCTMockConnectionController.m */ = {isa = PBXFileReference; fileEncoding = 4; lastKnownFileType = sourcecode.c.objc; path = DCTMockConnectionController.m; sourceTree = "<group>"; };
		24992ED51476BC5900AB4AF8 /* DCTConnectionController+Equality.h */ = {isa = PBXFileReference; fileEncoding = 4; lastKnownFileType = sourcecode.c.h; path = "DCTConnectionController+Equality.h"; sourceTree = "<group>"; };
		24992ED61476BC5900AB4AF8 /* DCTConnectionController+Equality.m */ = {isa = PBXFileReference; fileEncoding = 4; lastKnownFileType = sourcecode.c.objc; path = "DCTConnectionController+Equality.m"; sourceTree = "<group>"; };
		24992ED71476BC5900AB4AF8 /* DCTConnectionController+UsefulChecks.h */ = {isa = PBXFileReference; fileEncoding = 4; lastKnownFileType = sourcecode.c.h; path = "DCTConnectionController+UsefulChecks.h"; sourceTree = "<group>"; };
		24992ED81476BC5900AB4AF8 /* DCTConnectionController+UsefulChecks.m */ = {isa = PBXFileReference; fileEncoding = 4; lastKnownFileType = sourcecode.c.objc; path = "DCTConnectionController+UsefulChecks.m"; sourceTree = "<group>"; };
		24992ED91476BC5900AB4AF8 /* DCTConnectionController.h */ = {isa = PBXFileReference; fileEncoding = 4; lastKnownFileType = sourcecode.c.h; path = DCTConnectionController.h; sourceTree = "<group>"; };
		24992EDA1476BC5900AB4AF8 /* DCTConnectionController.m */ = {isa = PBXFileReference; fileEncoding = 4; lastKnownFileType = sourcecode.c.objc; path = DCTConnectionController.m; sourceTree = "<group>"; };
		24992EDB1476BC5900AB4AF8 /* DCTConnectionControllerDisplay.h */ = {isa = PBXFileReference; fileEncoding = 4; lastKnownFileType = sourcecode.c.h; path = DCTConnectionControllerDisplay.h; sourceTree = "<group>"; };
		24992EDC1476BC5900AB4AF8 /* DCTConnectionControllerDisplay.m */ = {isa = PBXFileReference; fileEncoding = 4; lastKnownFileType = sourcecode.c.objc; path = DCTConnectionControllerDisplay.m; sourceTree = "<group>"; };
		24992EDD1476BC5900AB4AF8 /* DCTConnectionQueue+Singleton.h */ = {isa = PBXFileReference; fileEncoding = 4; lastKnownFileType = sourcecode.c.h; path = "DCTConnectionQueue+Singleton.h"; sourceTree = "<group>"; };
		24992EDE1476BC5900AB4AF8 /* DCTConnectionQueue+Singleton.m */ = {isa = PBXFileReference; fileEncoding = 4; lastKnownFileType = sourcecode.c.objc; path = "DCTConnectionQueue+Singleton.m"; sourceTree = "<group>"; };
		24992EDF1476BC5900AB4AF8 /* DCTConnectionQueue.h */ = {isa = PBXFileReference; fileEncoding = 4; lastKnownFileType = sourcecode.c.h; path = DCTConnectionQueue.h; sourceTree = "<group>"; };
		24992EE01476BC5900AB4AF8 /* DCTConnectionQueue.m */ = {isa = PBXFileReference; fileEncoding = 4; lastKnownFileType = sourcecode.c.objc; path = DCTConnectionQueue.m; sourceTree = "<group>"; };
		24992EE11476BC5900AB4AF8 /* DCTRESTConnectionController.h */ = {isa = PBXFileReference; fileEncoding = 4; lastKnownFileType = sourcecode.c.h; path = DCTRESTConnectionController.h; sourceTree = "<group>"; };
		24992EE21476BC5900AB4AF8 /* DCTRESTConnectionController.m */ = {isa = PBXFileReference; fileEncoding = 4; lastKnownFileType = sourcecode.c.objc; path = DCTRESTConnectionController.m; sourceTree = "<group>"; };
		24992EE31476BC5900AB4AF8 /* NSString+DCTURLEncoding.h */ = {isa = PBXFileReference; fileEncoding = 4; lastKnownFileType = sourcecode.c.h; path = "NSString+DCTURLEncoding.h"; sourceTree = "<group>"; };
		24992EE41476BC5900AB4AF8 /* NSString+DCTURLEncoding.m */ = {isa = PBXFileReference; fileEncoding = 4; lastKnownFileType = sourcecode.c.objc; path = "NSString+DCTURLEncoding.m"; sourceTree = "<group>"; };
		24992EE51476BC5900AB4AF8 /* Readme.textile */ = {isa = PBXFileReference; fileEncoding = 4; lastKnownFileType = text; path = Readme.textile; sourceTree = "<group>"; };
		24D482C5146AB6D0008AB3B6 /* DCTFoundation.h */ = {isa = PBXFileReference; fileEncoding = 4; lastKnownFileType = sourcecode.c.h; path = DCTFoundation.h; sourceTree = "<group>"; };
		24D482C6146AB6D0008AB3B6 /* DCTQueue.h */ = {isa = PBXFileReference; fileEncoding = 4; lastKnownFileType = sourcecode.c.h; path = DCTQueue.h; sourceTree = "<group>"; };
		24D482C7146AB6D0008AB3B6 /* DCTQueue.m */ = {isa = PBXFileReference; fileEncoding = 4; lastKnownFileType = sourcecode.c.objc; path = DCTQueue.m; sourceTree = "<group>"; };
		24D482C8146AB6D0008AB3B6 /* DCTStack.h */ = {isa = PBXFileReference; fileEncoding = 4; lastKnownFileType = sourcecode.c.h; path = DCTStack.h; sourceTree = "<group>"; };
		24D482C9146AB6D0008AB3B6 /* DCTStack.m */ = {isa = PBXFileReference; fileEncoding = 4; lastKnownFileType = sourcecode.c.objc; path = DCTStack.m; sourceTree = "<group>"; };
		24D482CA146AB6D0008AB3B6 /* NSArray+DCTExtras.h */ = {isa = PBXFileReference; fileEncoding = 4; lastKnownFileType = sourcecode.c.h; path = "NSArray+DCTExtras.h"; sourceTree = "<group>"; };
		24D482CB146AB6D0008AB3B6 /* NSArray+DCTExtras.m */ = {isa = PBXFileReference; fileEncoding = 4; lastKnownFileType = sourcecode.c.objc; path = "NSArray+DCTExtras.m"; sourceTree = "<group>"; };
		24D482CC146AB6D0008AB3B6 /* NSDate+DCTDateComponents.h */ = {isa = PBXFileReference; fileEncoding = 4; lastKnownFileType = sourcecode.c.h; path = "NSDate+DCTDateComponents.h"; sourceTree = "<group>"; };
		24D482CD146AB6D0008AB3B6 /* NSDate+DCTDateComponents.m */ = {isa = PBXFileReference; fileEncoding = 4; lastKnownFileType = sourcecode.c.objc; path = "NSDate+DCTDateComponents.m"; sourceTree = "<group>"; };
		24D482CE146AB6D0008AB3B6 /* NSDictionary+DCTExtras.h */ = {isa = PBXFileReference; fileEncoding = 4; lastKnownFileType = sourcecode.c.h; path = "NSDictionary+DCTExtras.h"; sourceTree = "<group>"; };
		24D482CF146AB6D0008AB3B6 /* NSDictionary+DCTExtras.m */ = {isa = PBXFileReference; fileEncoding = 4; lastKnownFileType = sourcecode.c.objc; path = "NSDictionary+DCTExtras.m"; sourceTree = "<group>"; };
		24D482D0146AB6D0008AB3B6 /* NSError+DCTExtensions.h */ = {isa = PBXFileReference; fileEncoding = 4; lastKnownFileType = sourcecode.c.h; path = "NSError+DCTExtensions.h"; sourceTree = "<group>"; };
		24D482D1146AB6D0008AB3B6 /* NSError+DCTExtensions.m */ = {isa = PBXFileReference; fileEncoding = 4; lastKnownFileType = sourcecode.c.objc; path = "NSError+DCTExtensions.m"; sourceTree = "<group>"; };
		24D482D2146AB6D0008AB3B6 /* NSJSONSerialization+DCTBlocks.h */ = {isa = PBXFileReference; fileEncoding = 4; lastKnownFileType = sourcecode.c.h; path = "NSJSONSerialization+DCTBlocks.h"; sourceTree = "<group>"; };
		24D482D3146AB6D0008AB3B6 /* NSJSONSerialization+DCTBlocks.m */ = {isa = PBXFileReference; fileEncoding = 4; lastKnownFileType = sourcecode.c.objc; path = "NSJSONSerialization+DCTBlocks.m"; sourceTree = "<group>"; };
		24D482D4146AB6D0008AB3B6 /* NSMutableArray+DCTExtras.h */ = {isa = PBXFileReference; fileEncoding = 4; lastKnownFileType = sourcecode.c.h; path = "NSMutableArray+DCTExtras.h"; sourceTree = "<group>"; };
		24D482D5146AB6D0008AB3B6 /* NSMutableArray+DCTExtras.m */ = {isa = PBXFileReference; fileEncoding = 4; lastKnownFileType = sourcecode.c.objc; path = "NSMutableArray+DCTExtras.m"; sourceTree = "<group>"; };
		24D482D6146AB6D0008AB3B6 /* NSMutableSet+DCTExtras.h */ = {isa = PBXFileReference; fileEncoding = 4; lastKnownFileType = sourcecode.c.h; path = "NSMutableSet+DCTExtras.h"; sourceTree = "<group>"; };
		24D482D7146AB6D0008AB3B6 /* NSMutableSet+DCTExtras.m */ = {isa = PBXFileReference; fileEncoding = 4; lastKnownFileType = sourcecode.c.objc; path = "NSMutableSet+DCTExtras.m"; sourceTree = "<group>"; };
		24D482D8146AB6D0008AB3B6 /* NSObject+DCTKVOExtras.h */ = {isa = PBXFileReference; fileEncoding = 4; lastKnownFileType = sourcecode.c.h; path = "NSObject+DCTKVOExtras.h"; sourceTree = "<group>"; };
		24D482D9146AB6D0008AB3B6 /* NSObject+DCTKVOExtras.m */ = {isa = PBXFileReference; fileEncoding = 4; lastKnownFileType = sourcecode.c.objc; path = "NSObject+DCTKVOExtras.m"; sourceTree = "<group>"; };
		24D483B5146B005C008AB3B6 /* DCTNetworkActivityIndicatorController.h */ = {isa = PBXFileReference; fileEncoding = 4; lastKnownFileType = sourcecode.c.h; path = DCTNetworkActivityIndicatorController.h; sourceTree = "<group>"; };
		24D483B6146B005C008AB3B6 /* DCTNetworkActivityIndicatorController.m */ = {isa = PBXFileReference; fileEncoding = 4; lastKnownFileType = sourcecode.c.objc; path = DCTNetworkActivityIndicatorController.m; sourceTree = "<group>"; };
/* End PBXFileReference section */

/* Begin PBXFrameworksBuildPhase section */
		246F8CA3146831F300F2FB74 /* Frameworks */ = {
			isa = PBXFrameworksBuildPhase;
			buildActionMask = 2147483647;
			files = (
				246F8CAB146831F300F2FB74 /* UIKit.framework in Frameworks */,
				246F8CAD146831F300F2FB74 /* Foundation.framework in Frameworks */,
				246F8CAF146831F300F2FB74 /* CoreGraphics.framework in Frameworks */,
			);
			runOnlyForDeploymentPostprocessing = 0;
		};
		246F8CC3146831F400F2FB74 /* Frameworks */ = {
			isa = PBXFrameworksBuildPhase;
			buildActionMask = 2147483647;
			files = (
				246F8CC9146831F400F2FB74 /* SenTestingKit.framework in Frameworks */,
				246F8CCA146831F400F2FB74 /* UIKit.framework in Frameworks */,
				246F8CCB146831F400F2FB74 /* Foundation.framework in Frameworks */,
			);
			runOnlyForDeploymentPostprocessing = 0;
		};
/* End PBXFrameworksBuildPhase section */

/* Begin PBXGroup section */
		246F8C9B146831F300F2FB74 = {
			isa = PBXGroup;
			children = (
				24D482C4146AB6D0008AB3B6 /* DCTFoundation */,
				24D483B4146B005C008AB3B6 /* DCTNetworkActivityIndicatorController */,
				24992ED41476BC5900AB4AF8 /* DCTConnectionController */,
				246F8CB0146831F300F2FB74 /* DCTConnectionControllerDemo */,
				246F8D4E146834D800F2FB74 /* DCTConnectionControllerTests */,
				246F8CA9146831F300F2FB74 /* Frameworks */,
				246F8CA7146831F300F2FB74 /* Products */,
			);
			sourceTree = "<group>";
		};
		246F8CA7146831F300F2FB74 /* Products */ = {
			isa = PBXGroup;
			children = (
				246F8CA6146831F300F2FB74 /* DCTConnectionController.app */,
				246F8CC7146831F400F2FB74 /* DCTConnectionControllerTests.octest */,
			);
			name = Products;
			sourceTree = "<group>";
		};
		246F8CA9146831F300F2FB74 /* Frameworks */ = {
			isa = PBXGroup;
			children = (
				246F8CAA146831F300F2FB74 /* UIKit.framework */,
				246F8CAC146831F300F2FB74 /* Foundation.framework */,
				246F8CAE146831F300F2FB74 /* CoreGraphics.framework */,
				246F8CC8146831F400F2FB74 /* SenTestingKit.framework */,
			);
			name = Frameworks;
			sourceTree = "<group>";
		};
		246F8CB0146831F300F2FB74 /* DCTConnectionControllerDemo */ = {
			isa = PBXGroup;
			children = (
				246F8CB9146831F400F2FB74 /* DCTConnectionControllerDemoAppDelegate.h */,
				246F8CBA146831F400F2FB74 /* DCTConnectionControllerDemoAppDelegate.m */,
				246F8CF01468337600F2FB74 /* DCTConnectionControllerDemoViewController.xib */,
				246F8CF11468337600F2FB74 /* DCTConnectionControllerDemoViewController.h */,
				246F8CF21468337600F2FB74 /* DCTConnectionControllerDemoViewController.m */,
				246F8CB1146831F400F2FB74 /* Supporting Files */,
			);
			path = DCTConnectionControllerDemo;
			sourceTree = "<group>";
		};
		246F8CB1146831F400F2FB74 /* Supporting Files */ = {
			isa = PBXGroup;
			children = (
				246F8CB2146831F400F2FB74 /* DCTConnectionController-Info.plist */,
				246F8CB6146831F400F2FB74 /* main.m */,
				246F8CB8146831F400F2FB74 /* DCTConnectionController-Prefix.pch */,
			);
			name = "Supporting Files";
			sourceTree = "<group>";
		};
		246F8D4E146834D800F2FB74 /* DCTConnectionControllerTests */ = {
			isa = PBXGroup;
			children = (
				246F8D4F146834D800F2FB74 /* DCTConnectionControllerTests-Info.plist */,
				246F8D52146834D800F2FB74 /* DCTConnectionQueue+DCTInternalAccess.h */,
				246F8D53146834D800F2FB74 /* DCTConnectionQueue+DCTInternalAccess.m */,
				246F8D56146834D800F2FB74 /* DCTMockConnectionController.h */,
				246F8D57146834D800F2FB74 /* DCTMockConnectionController.m */,
				246F8D54146834D800F2FB74 /* DCTConnectionQueueTests.h */,
				246F8D55146834D800F2FB74 /* DCTConnectionQueueTests.m */,
				246F8D50146834D800F2FB74 /* DCTConnectionControllerTests.h */,
				246F8D51146834D800F2FB74 /* DCTConnectionControllerTests.m */,
			);
			path = DCTConnectionControllerTests;
			sourceTree = "<group>";
		};
		24992ED41476BC5900AB4AF8 /* DCTConnectionController */ = {
			isa = PBXGroup;
			children = (
				24992ED51476BC5900AB4AF8 /* DCTConnectionController+Equality.h */,
				24992ED61476BC5900AB4AF8 /* DCTConnectionController+Equality.m */,
				24992ED71476BC5900AB4AF8 /* DCTConnectionController+UsefulChecks.h */,
				24992ED81476BC5900AB4AF8 /* DCTConnectionController+UsefulChecks.m */,
				24992ED91476BC5900AB4AF8 /* DCTConnectionController.h */,
				24992EDA1476BC5900AB4AF8 /* DCTConnectionController.m */,
				24992EDB1476BC5900AB4AF8 /* DCTConnectionControllerDisplay.h */,
				24992EDC1476BC5900AB4AF8 /* DCTConnectionControllerDisplay.m */,
				24992EDD1476BC5900AB4AF8 /* DCTConnectionQueue+Singleton.h */,
				24992EDE1476BC5900AB4AF8 /* DCTConnectionQueue+Singleton.m */,
				24992EDF1476BC5900AB4AF8 /* DCTConnectionQueue.h */,
				24992EE01476BC5900AB4AF8 /* DCTConnectionQueue.m */,
				24992EE11476BC5900AB4AF8 /* DCTRESTConnectionController.h */,
				24992EE21476BC5900AB4AF8 /* DCTRESTConnectionController.m */,
				24992EE31476BC5900AB4AF8 /* NSString+DCTURLEncoding.h */,
				24992EE41476BC5900AB4AF8 /* NSString+DCTURLEncoding.m */,
				24992EE51476BC5900AB4AF8 /* Readme.textile */,
			);
			path = DCTConnectionController;
			sourceTree = "<group>";
		};
		24D482C4146AB6D0008AB3B6 /* DCTFoundation */ = {
			isa = PBXGroup;
			children = (
				24D482C5146AB6D0008AB3B6 /* DCTFoundation.h */,
				24D482C6146AB6D0008AB3B6 /* DCTQueue.h */,
				24D482C7146AB6D0008AB3B6 /* DCTQueue.m */,
				24D482C8146AB6D0008AB3B6 /* DCTStack.h */,
				24D482C9146AB6D0008AB3B6 /* DCTStack.m */,
				24D482CA146AB6D0008AB3B6 /* NSArray+DCTExtras.h */,
				24D482CB146AB6D0008AB3B6 /* NSArray+DCTExtras.m */,
				24D482CC146AB6D0008AB3B6 /* NSDate+DCTDateComponents.h */,
				24D482CD146AB6D0008AB3B6 /* NSDate+DCTDateComponents.m */,
				24D482CE146AB6D0008AB3B6 /* NSDictionary+DCTExtras.h */,
				24D482CF146AB6D0008AB3B6 /* NSDictionary+DCTExtras.m */,
				24D482D0146AB6D0008AB3B6 /* NSError+DCTExtensions.h */,
				24D482D1146AB6D0008AB3B6 /* NSError+DCTExtensions.m */,
				24D482D2146AB6D0008AB3B6 /* NSJSONSerialization+DCTBlocks.h */,
				24D482D3146AB6D0008AB3B6 /* NSJSONSerialization+DCTBlocks.m */,
				24D482D4146AB6D0008AB3B6 /* NSMutableArray+DCTExtras.h */,
				24D482D5146AB6D0008AB3B6 /* NSMutableArray+DCTExtras.m */,
				24D482D6146AB6D0008AB3B6 /* NSMutableSet+DCTExtras.h */,
				24D482D7146AB6D0008AB3B6 /* NSMutableSet+DCTExtras.m */,
				24D482D8146AB6D0008AB3B6 /* NSObject+DCTKVOExtras.h */,
				24D482D9146AB6D0008AB3B6 /* NSObject+DCTKVOExtras.m */,
			);
			path = DCTFoundation;
			sourceTree = "<group>";
		};
		24D483B4146B005C008AB3B6 /* DCTNetworkActivityIndicatorController */ = {
			isa = PBXGroup;
			children = (
				24D483B5146B005C008AB3B6 /* DCTNetworkActivityIndicatorController.h */,
				24D483B6146B005C008AB3B6 /* DCTNetworkActivityIndicatorController.m */,
			);
			path = DCTNetworkActivityIndicatorController;
			sourceTree = "<group>";
		};
/* End PBXGroup section */

/* Begin PBXNativeTarget section */
		246F8CA5146831F300F2FB74 /* DCTConnectionController */ = {
			isa = PBXNativeTarget;
			buildConfigurationList = 246F8CD9146831F400F2FB74 /* Build configuration list for PBXNativeTarget "DCTConnectionController" */;
			buildPhases = (
				246F8CA2146831F300F2FB74 /* Sources */,
				246F8CA3146831F300F2FB74 /* Frameworks */,
				246F8CA4146831F300F2FB74 /* Resources */,
			);
			buildRules = (
			);
			dependencies = (
			);
			name = DCTConnectionController;
			productName = DCTConnectionController;
			productReference = 246F8CA6146831F300F2FB74 /* DCTConnectionController.app */;
			productType = "com.apple.product-type.application";
		};
		246F8CC6146831F400F2FB74 /* DCTConnectionControllerTests */ = {
			isa = PBXNativeTarget;
			buildConfigurationList = 246F8CDC146831F400F2FB74 /* Build configuration list for PBXNativeTarget "DCTConnectionControllerTests" */;
			buildPhases = (
				246F8CC2146831F400F2FB74 /* Sources */,
				246F8CC3146831F400F2FB74 /* Frameworks */,
				246F8CC4146831F400F2FB74 /* Resources */,
				246F8CC5146831F400F2FB74 /* ShellScript */,
			);
			buildRules = (
			);
			dependencies = (
				246F8CCD146831F400F2FB74 /* PBXTargetDependency */,
			);
			name = DCTConnectionControllerTests;
			productName = DCTConnectionControllerTests;
			productReference = 246F8CC7146831F400F2FB74 /* DCTConnectionControllerTests.octest */;
			productType = "com.apple.product-type.bundle";
		};
/* End PBXNativeTarget section */

/* Begin PBXProject section */
		246F8C9D146831F300F2FB74 /* Project object */ = {
			isa = PBXProject;
			attributes = {
				LastUpgradeCheck = 0420;
				ORGANIZATIONNAME = "Daniel Tull";
			};
			buildConfigurationList = 246F8CA0146831F300F2FB74 /* Build configuration list for PBXProject "DCTConnectionController" */;
			compatibilityVersion = "Xcode 3.2";
			developmentRegion = English;
			hasScannedForEncodings = 0;
			knownRegions = (
				en,
			);
			mainGroup = 246F8C9B146831F300F2FB74;
			productRefGroup = 246F8CA7146831F300F2FB74 /* Products */;
			projectDirPath = "";
			projectRoot = "";
			targets = (
				246F8CA5146831F300F2FB74 /* DCTConnectionController */,
				246F8CC6146831F400F2FB74 /* DCTConnectionControllerTests */,
			);
		};
/* End PBXProject section */

/* Begin PBXResourcesBuildPhase section */
		246F8CA4146831F300F2FB74 /* Resources */ = {
			isa = PBXResourcesBuildPhase;
			buildActionMask = 2147483647;
			files = (
				246F8CF31468337600F2FB74 /* DCTConnectionControllerDemoViewController.xib in Resources */,
			);
			runOnlyForDeploymentPostprocessing = 0;
		};
		246F8CC4146831F400F2FB74 /* Resources */ = {
			isa = PBXResourcesBuildPhase;
			buildActionMask = 2147483647;
			files = (
				246F8D58146834D800F2FB74 /* DCTConnectionControllerTests-Info.plist in Resources */,
			);
			runOnlyForDeploymentPostprocessing = 0;
		};
/* End PBXResourcesBuildPhase section */

/* Begin PBXShellScriptBuildPhase section */
		246F8CC5146831F400F2FB74 /* ShellScript */ = {
			isa = PBXShellScriptBuildPhase;
			buildActionMask = 2147483647;
			files = (
			);
			inputPaths = (
			);
			outputPaths = (
			);
			runOnlyForDeploymentPostprocessing = 0;
			shellPath = /bin/sh;
			shellScript = "# Run the unit tests in this test bundle.\n\"${SYSTEM_DEVELOPER_DIR}/Tools/RunUnitTests\"\n";
		};
/* End PBXShellScriptBuildPhase section */

/* Begin PBXSourcesBuildPhase section */
		246F8CA2146831F300F2FB74 /* Sources */ = {
			isa = PBXSourcesBuildPhase;
			buildActionMask = 2147483647;
			files = (
				246F8CB7146831F400F2FB74 /* main.m in Sources */,
				246F8CBB146831F400F2FB74 /* DCTConnectionControllerDemoAppDelegate.m in Sources */,
				246F8CF41468337600F2FB74 /* DCTConnectionControllerDemoViewController.m in Sources */,
				24D482DA146AB6D0008AB3B6 /* DCTQueue.m in Sources */,
				24D482DB146AB6D0008AB3B6 /* DCTStack.m in Sources */,
				24D482DC146AB6D0008AB3B6 /* NSArray+DCTExtras.m in Sources */,
				24D482DD146AB6D0008AB3B6 /* NSDate+DCTDateComponents.m in Sources */,
				24D482DE146AB6D0008AB3B6 /* NSDictionary+DCTExtras.m in Sources */,
				24D482DF146AB6D0008AB3B6 /* NSError+DCTExtensions.m in Sources */,
				24D482E0146AB6D0008AB3B6 /* NSJSONSerialization+DCTBlocks.m in Sources */,
				24D482E1146AB6D0008AB3B6 /* NSMutableArray+DCTExtras.m in Sources */,
				24D482E2146AB6D0008AB3B6 /* NSMutableSet+DCTExtras.m in Sources */,
				24D482E3146AB6D0008AB3B6 /* NSObject+DCTKVOExtras.m in Sources */,
				24D483BF146B005C008AB3B6 /* DCTNetworkActivityIndicatorController.m in Sources */,
				24992EE61476BC5900AB4AF8 /* DCTConnectionController+Equality.m in Sources */,
				24992EE71476BC5900AB4AF8 /* DCTConnectionController+UsefulChecks.m in Sources */,
				24992EE81476BC5900AB4AF8 /* DCTConnectionController.m in Sources */,
				24992EE91476BC5900AB4AF8 /* DCTConnectionControllerDisplay.m in Sources */,
				24992EEA1476BC5900AB4AF8 /* DCTConnectionQueue+Singleton.m in Sources */,
				24992EEB1476BC5900AB4AF8 /* DCTConnectionQueue.m in Sources */,
				24992EEC1476BC5900AB4AF8 /* DCTRESTConnectionController.m in Sources */,
				24992EED1476BC5900AB4AF8 /* NSString+DCTURLEncoding.m in Sources */,
			);
			runOnlyForDeploymentPostprocessing = 0;
		};
		246F8CC2146831F400F2FB74 /* Sources */ = {
			isa = PBXSourcesBuildPhase;
			buildActionMask = 2147483647;
			files = (
				246F8D59146834D800F2FB74 /* DCTConnectionControllerTests.m in Sources */,
				246F8D5A146834D800F2FB74 /* DCTConnectionQueue+DCTInternalAccess.m in Sources */,
				246F8D5B146834D800F2FB74 /* DCTConnectionQueueTests.m in Sources */,
				246F8D5C146834D800F2FB74 /* DCTMockConnectionController.m in Sources */,
			);
			runOnlyForDeploymentPostprocessing = 0;
		};
/* End PBXSourcesBuildPhase section */

/* Begin PBXTargetDependency section */
		246F8CCD146831F400F2FB74 /* PBXTargetDependency */ = {
			isa = PBXTargetDependency;
			target = 246F8CA5146831F300F2FB74 /* DCTConnectionController */;
			targetProxy = 246F8CCC146831F400F2FB74 /* PBXContainerItemProxy */;
		};
/* End PBXTargetDependency section */

/* Begin XCBuildConfiguration section */
		246F8CD7146831F400F2FB74 /* Debug */ = {
			isa = XCBuildConfiguration;
			buildSettings = {
				ALWAYS_SEARCH_USER_PATHS = NO;
				ARCHS = "$(ARCHS_STANDARD_32_BIT)";
				CLANG_ENABLE_OBJC_ARC = YES;
				"CODE_SIGN_IDENTITY[sdk=iphoneos*]" = "iPhone Developer";
				COPY_PHASE_STRIP = NO;
				GCC_C_LANGUAGE_STANDARD = gnu99;
				GCC_DYNAMIC_NO_PIC = NO;
				GCC_OPTIMIZATION_LEVEL = 0;
				GCC_PREPROCESSOR_DEFINITIONS = (
					"DEBUG=1",
					"$(inherited)",
				);
				GCC_SYMBOLS_PRIVATE_EXTERN = NO;
				GCC_VERSION = com.apple.compilers.llvm.clang.1_0;
				GCC_WARN_ABOUT_MISSING_PROTOTYPES = YES;
				GCC_WARN_ABOUT_RETURN_TYPE = YES;
				GCC_WARN_UNUSED_VARIABLE = YES;
				IPHONEOS_DEPLOYMENT_TARGET = 5.0;
				SDKROOT = iphoneos;
			};
			name = Debug;
		};
		246F8CD8146831F400F2FB74 /* Release */ = {
			isa = XCBuildConfiguration;
			buildSettings = {
				ALWAYS_SEARCH_USER_PATHS = NO;
				ARCHS = "$(ARCHS_STANDARD_32_BIT)";
				CLANG_ENABLE_OBJC_ARC = YES;
				"CODE_SIGN_IDENTITY[sdk=iphoneos*]" = "iPhone Developer";
				COPY_PHASE_STRIP = YES;
				GCC_C_LANGUAGE_STANDARD = gnu99;
				GCC_VERSION = com.apple.compilers.llvm.clang.1_0;
				GCC_WARN_ABOUT_MISSING_PROTOTYPES = YES;
				GCC_WARN_ABOUT_RETURN_TYPE = YES;
				GCC_WARN_UNUSED_VARIABLE = YES;
				IPHONEOS_DEPLOYMENT_TARGET = 5.0;
				OTHER_CFLAGS = "-DNS_BLOCK_ASSERTIONS=1";
				SDKROOT = iphoneos;
				VALIDATE_PRODUCT = YES;
			};
			name = Release;
		};
		246F8CDA146831F400F2FB74 /* Debug */ = {
			isa = XCBuildConfiguration;
			buildSettings = {
				GCC_PRECOMPILE_PREFIX_HEADER = YES;
				GCC_PREFIX_HEADER = "DCTConnectionControllerDemo/DCTConnectionController-Prefix.pch";
				INFOPLIST_FILE = "DCTConnectionControllerDemo/DCTConnectionController-Info.plist";
				PRODUCT_NAME = "$(TARGET_NAME)";
				WRAPPER_EXTENSION = app;
			};
			name = Debug;
		};
		246F8CDB146831F400F2FB74 /* Release */ = {
			isa = XCBuildConfiguration;
			buildSettings = {
				GCC_PRECOMPILE_PREFIX_HEADER = YES;
				GCC_PREFIX_HEADER = "DCTConnectionControllerDemo/DCTConnectionController-Prefix.pch";
				INFOPLIST_FILE = "DCTConnectionControllerDemo/DCTConnectionController-Info.plist";
				PRODUCT_NAME = "$(TARGET_NAME)";
				WRAPPER_EXTENSION = app;
			};
			name = Release;
		};
		246F8CDD146831F400F2FB74 /* Debug */ = {
			isa = XCBuildConfiguration;
			buildSettings = {
				BUNDLE_LOADER = "$(BUILT_PRODUCTS_DIR)/DCTConnectionController.app/DCTConnectionController";
				FRAMEWORK_SEARCH_PATHS = (
					"$(SDKROOT)/Developer/Library/Frameworks",
					"$(DEVELOPER_LIBRARY_DIR)/Frameworks",
				);
				GCC_PRECOMPILE_PREFIX_HEADER = YES;
				GCC_PREFIX_HEADER = "DCTConnectionController/DCTConnectionController-Prefix.pch";
				INFOPLIST_FILE = "DCTConnectionControllerTests/DCTConnectionControllerTests-Info.plist";
				PRODUCT_NAME = "$(TARGET_NAME)";
				TEST_HOST = "$(BUNDLE_LOADER)";
				WRAPPER_EXTENSION = octest;
			};
			name = Debug;
		};
		246F8CDE146831F400F2FB74 /* Release */ = {
			isa = XCBuildConfiguration;
			buildSettings = {
				BUNDLE_LOADER = "$(BUILT_PRODUCTS_DIR)/DCTConnectionController.app/DCTConnectionController";
				FRAMEWORK_SEARCH_PATHS = (
					"$(SDKROOT)/Developer/Library/Frameworks",
					"$(DEVELOPER_LIBRARY_DIR)/Frameworks",
				);
				GCC_PRECOMPILE_PREFIX_HEADER = YES;
				GCC_PREFIX_HEADER = "DCTConnectionController/DCTConnectionController-Prefix.pch";
				INFOPLIST_FILE = "DCTConnectionControllerTests/DCTConnectionControllerTests-Info.plist";
				PRODUCT_NAME = "$(TARGET_NAME)";
				TEST_HOST = "$(BUNDLE_LOADER)";
				WRAPPER_EXTENSION = octest;
			};
			name = Release;
		};
/* End XCBuildConfiguration section */

/* Begin XCConfigurationList section */
		246F8CA0146831F300F2FB74 /* Build configuration list for PBXProject "DCTConnectionController" */ = {
			isa = XCConfigurationList;
			buildConfigurations = (
				246F8CD7146831F400F2FB74 /* Debug */,
				246F8CD8146831F400F2FB74 /* Release */,
			);
			defaultConfigurationIsVisible = 0;
			defaultConfigurationName = Release;
		};
		246F8CD9146831F400F2FB74 /* Build configuration list for PBXNativeTarget "DCTConnectionController" */ = {
			isa = XCConfigurationList;
			buildConfigurations = (
				246F8CDA146831F400F2FB74 /* Debug */,
				246F8CDB146831F400F2FB74 /* Release */,
			);
			defaultConfigurationIsVisible = 0;
			defaultConfigurationName = Release;
		};
		246F8CDC146831F400F2FB74 /* Build configuration list for PBXNativeTarget "DCTConnectionControllerTests" */ = {
			isa = XCConfigurationList;
			buildConfigurations = (
				246F8CDD146831F400F2FB74 /* Debug */,
				246F8CDE146831F400F2FB74 /* Release */,
			);
			defaultConfigurationIsVisible = 0;
			defaultConfigurationName = Release;
		};
/* End XCConfigurationList section */
	};
	rootObject = 246F8C9D146831F300F2FB74 /* Project object */;
}
